# Managed by azldev component update. Do not edit manually.
version = 1
import-commit = '6f05cc2232d5b3b744ffc562cae91934d2860465'
upstream-commit = '969e5869284dc448fe4a04b36b022e2f29866464'
manual-bump = 2
input-fingerprint = 'sha256:bf97d6b988039185da900656263b7d598adf60658bb608d06b1bca286a5456cf'
resolution-input-hash = 'sha256:66d62fe619567932490e7a0efe734c3e5a22629c406a9c32f79cd23e7a001011'
