# Managed by azldev component update. Do not edit manually.
version = 1
import-commit = '94c4c867a591a9dda979967ddc9d9381d3e625ea'
upstream-commit = '3df68ff542d078685d4efb7b4b88c590ce63e6e8'
manual-bump = 2
input-fingerprint = 'sha256:5dd06321f78e1c6429a01fe23e67249b6a6d0ed3167f1b01a8c84660bfde536f'
resolution-input-hash = 'sha256:66d62fe619567932490e7a0efe734c3e5a22629c406a9c32f79cd23e7a001011'
