# Managed by azldev component update. Do not edit manually.
version = 1
import-commit = 'e712fb55ba7452146bf44a45dc5d46adb6b8f3fb'
upstream-commit = 'e712fb55ba7452146bf44a45dc5d46adb6b8f3fb'
input-fingerprint = 'sha256:73ce643f126f464ae3129864dad8d20f9aa673d242f3a2c628247daa1f177076'
resolution-input-hash = 'sha256:466421704711c4fd3c71f0b2ed715a0e61d49e3e26f3a2637fee755795849c8e'
