# Managed by azldev component update. Do not edit manually.
version = 1
import-commit = 'f88eadf9753460cb4a19d6012908e7059701e3fc'
upstream-commit = 'f88eadf9753460cb4a19d6012908e7059701e3fc'
manual-bump = 1
input-fingerprint = 'sha256:b8cc08131cd75f1d0773087fbc8c831ec1ac7df7262c232c0fa5ace79b713172'
resolution-input-hash = 'sha256:2f28ab3acf76be3f204b5af6296868e6365fcd5554d51c959e59c14de0a10e87'
