# Managed by azldev component update. Do not edit manually.
version = 1
import-commit = 'e5292d4279e2b2b4cd4e5d74f4304712bc675dc0'
upstream-commit = 'b6a8f38416d4a22dd12fa2b2af92694a42304011'
manual-bump = 1
input-fingerprint = 'sha256:aec661c9b1d16fed6dc8c391f4d577705539baddd7485026dfbcfb587e42490e'
resolution-input-hash = 'sha256:2f28ab3acf76be3f204b5af6296868e6365fcd5554d51c959e59c14de0a10e87'
