# Managed by azldev component update. Do not edit manually.
version = 1
import-commit = '470e6d3b6ba95fc196b3bd6b0f0ca491365e2920'
upstream-commit = '470e6d3b6ba95fc196b3bd6b0f0ca491365e2920'
input-fingerprint = 'sha256:2869de6986a40e53f6fe5edaadecd708c6a9c0a9d5dddbd1fc5bc3ff089090d3'
resolution-input-hash = 'sha256:466421704711c4fd3c71f0b2ed715a0e61d49e3e26f3a2637fee755795849c8e'
