# Managed by azldev component update. Do not edit manually.
version = 1
import-commit = '49c178446f0e52aeb6705af024983be052fee318'
upstream-commit = '49c178446f0e52aeb6705af024983be052fee318'
manual-bump = 1
input-fingerprint = 'sha256:fe108c13668a64a1d9126d62b27dac884348f79c44eeb26ce74a0ad0ddb4051d'
resolution-input-hash = 'sha256:2f28ab3acf76be3f204b5af6296868e6365fcd5554d51c959e59c14de0a10e87'
