# Managed by azldev component update. Do not edit manually.
version = 1
import-commit = '80d2b8922b38071f941acf317a689662810614b5'
upstream-commit = '80d2b8922b38071f941acf317a689662810614b5'
manual-bump = 1
input-fingerprint = 'sha256:591ce274e6b0a10280e64952fa2c51114fffc0c6b26b24cad530531373958054'
resolution-input-hash = 'sha256:2f28ab3acf76be3f204b5af6296868e6365fcd5554d51c959e59c14de0a10e87'
