# Managed by azldev component update. Do not edit manually.
version = 1
import-commit = '1fa7cd14f71af8150d55b6b834c8473d9a240f9e'
upstream-commit = '1fa7cd14f71af8150d55b6b834c8473d9a240f9e'
input-fingerprint = 'sha256:17d54e0f54be4805dd54e8037ca1e63eeed95c4e48afc338f81cd2d4c9474932'
resolution-input-hash = 'sha256:466421704711c4fd3c71f0b2ed715a0e61d49e3e26f3a2637fee755795849c8e'
