# Managed by azldev component update. Do not edit manually.
version = 1
import-commit = '4a848504d16993a9eb86da169eff6f89773ad682'
upstream-commit = '4a848504d16993a9eb86da169eff6f89773ad682'
manual-bump = 1
input-fingerprint = 'sha256:b0eff219e0de792960d886b8b61635da324ab0673558e3f0a72c1a0617f30cf0'
resolution-input-hash = 'sha256:2f28ab3acf76be3f204b5af6296868e6365fcd5554d51c959e59c14de0a10e87'
