# Managed by azldev component update. Do not edit manually.
version = 1
import-commit = '684e0b3a4100abc0f2003bbcb7f809aed0a2d246'
upstream-commit = '4ea7c93aca052c4a7c17ba5d90d9637da335f5e2'
manual-bump = 2
input-fingerprint = 'sha256:168a246e802e9340eb31e42901d16960e01e69d0200f9ec1eb9fcea8ed487912'
resolution-input-hash = 'sha256:66d62fe619567932490e7a0efe734c3e5a22629c406a9c32f79cd23e7a001011'
