# Managed by azldev component update. Do not edit manually.
version = 1
import-commit = '3c9a337f0d639f9c0fbadd0aa579601e8a23602c'
upstream-commit = '515e24d5d9f844028dcae3a3b99b9f388dbf4ba8'
manual-bump = 1
input-fingerprint = 'sha256:3adb5b1b4faf2a058bcfa64d92166eee8001c39a85b0e6708654f303a4b336d1'
resolution-input-hash = 'sha256:2f28ab3acf76be3f204b5af6296868e6365fcd5554d51c959e59c14de0a10e87'
