# Managed by azldev component update. Do not edit manually.
version = 1
import-commit = '403199971d68ea1dd634043f6cc0eafcf5216bf1'
upstream-commit = '403199971d68ea1dd634043f6cc0eafcf5216bf1'
manual-bump = 2
input-fingerprint = 'sha256:786fc5b1414d8125a73606817fb47adc90da9e138538932a754080fc887cb67f'
resolution-input-hash = 'sha256:466421704711c4fd3c71f0b2ed715a0e61d49e3e26f3a2637fee755795849c8e'
