# Managed by azldev component update. Do not edit manually.
version = 1
import-commit = 'c5a9013321386f16734790c936019d492d9ec6b8'
upstream-commit = 'c5a9013321386f16734790c936019d492d9ec6b8'
manual-bump = 1
input-fingerprint = 'sha256:f519e42d3cbf7f2c7348f6a4b48928bfd9ea774442b04229d1ac42a63afe78ff'
resolution-input-hash = 'sha256:466421704711c4fd3c71f0b2ed715a0e61d49e3e26f3a2637fee755795849c8e'
