# Managed by azldev component update. Do not edit manually.
version = 1
import-commit = '53d3b70b3fb8ce3c06e6d5cb3cd4859c70c85d77'
upstream-commit = '53d3b70b3fb8ce3c06e6d5cb3cd4859c70c85d77'
manual-bump = 2
input-fingerprint = 'sha256:0c761d30c4e8bb2395cab481df63d8de3f0c48154222b43d9ad6b39f548ad30b'
resolution-input-hash = 'sha256:466421704711c4fd3c71f0b2ed715a0e61d49e3e26f3a2637fee755795849c8e'
