# Managed by azldev component update. Do not edit manually.
version = 1
import-commit = 'd4d29f0ef2dd511d1ff6b2b6afb3dbdc374265fb'
upstream-commit = 'd6697324368d9b8bd65b5a19b5c7520a7b1cab70'
manual-bump = 2
input-fingerprint = 'sha256:4a0273c26a61c4c67831fcb3c3008b759bffc555ee418e14cdb52e007c09ab26'
resolution-input-hash = 'sha256:66d62fe619567932490e7a0efe734c3e5a22629c406a9c32f79cd23e7a001011'
