# Managed by azldev component update. Do not edit manually.
version = 1
import-commit = '8bcaca9741f1296bea5d6b1dddc60d56db472071'
upstream-commit = '8bcaca9741f1296bea5d6b1dddc60d56db472071'
input-fingerprint = 'sha256:35fed1cb2a8e37c1861dbe9399c3fb54574380cdbc70298ca623461ee72661e9'
resolution-input-hash = 'sha256:466421704711c4fd3c71f0b2ed715a0e61d49e3e26f3a2637fee755795849c8e'
