# Managed by azldev component update. Do not edit manually.
version = 1
import-commit = '1f235eeac2caa2191b46294e226994647512e946'
upstream-commit = '1f235eeac2caa2191b46294e226994647512e946'
input-fingerprint = 'sha256:f9170fbfe890f499a5af7462df80357c0603536293216cb5ddc3d49517de243a'
resolution-input-hash = 'sha256:466421704711c4fd3c71f0b2ed715a0e61d49e3e26f3a2637fee755795849c8e'
