# Managed by azldev component update. Do not edit manually.
version = 1
import-commit = '06b0ebf7e02dfdf8bc4c34236b7dc4cd45159c3b'
upstream-commit = '06b0ebf7e02dfdf8bc4c34236b7dc4cd45159c3b'
manual-bump = 1
input-fingerprint = 'sha256:19a418cc4a762afa3e184cdc1f4373e8095ed41569a413d7fe60e38e1c4ad54a'
resolution-input-hash = 'sha256:466421704711c4fd3c71f0b2ed715a0e61d49e3e26f3a2637fee755795849c8e'
