# Managed by azldev component update. Do not edit manually.
version = 1
import-commit = '6941d83471546794af989c64d77cac33ff4d9a51'
upstream-commit = '3ab0f2a201fc46bbaf06b0dd469f09d5e9c6b7c5'
manual-bump = 2
input-fingerprint = 'sha256:e967ed96617d3bc92cbec51f4adf956a1fb468fff97bdfda3de17c2a6c37652c'
resolution-input-hash = 'sha256:2f28ab3acf76be3f204b5af6296868e6365fcd5554d51c959e59c14de0a10e87'
