# Managed by azldev component update. Do not edit manually.
version = 1
import-commit = '53f5fa79b1374e809ab397ae1738ab0318bb32b6'
upstream-commit = '53f5fa79b1374e809ab397ae1738ab0318bb32b6'
manual-bump = 2
input-fingerprint = 'sha256:1b5e0560b5d5342e8e3cc2b0d7914c490973a0e44472b1897442dfbcea405627'
resolution-input-hash = 'sha256:2f28ab3acf76be3f204b5af6296868e6365fcd5554d51c959e59c14de0a10e87'
