# Managed by azldev component update. Do not edit manually.
version = 1
import-commit = 'c44f913c9164aba98aa5083e8a6e9a9a6905c449'
upstream-commit = 'e78d480e1cdccc96da9241c302c2393f85312bb2'
manual-bump = 1
input-fingerprint = 'sha256:a546899afe467ae2301ae6f4df6ad7d280fae393162cd1aae846be702c20da5e'
resolution-input-hash = 'sha256:2f28ab3acf76be3f204b5af6296868e6365fcd5554d51c959e59c14de0a10e87'
