# Managed by azldev component update. Do not edit manually.
version = 1
import-commit = 'c418427b56bfdc201b19811ccb4be23f87a24d85'
upstream-commit = '6fec6142021d4d3a39b2bac2a121c2a992a9341e'
manual-bump = 2
input-fingerprint = 'sha256:e94ad884ad2c5047021c8d83e002d4975680196f8b8196b602fc428b12c6f69f'
resolution-input-hash = 'sha256:66d62fe619567932490e7a0efe734c3e5a22629c406a9c32f79cd23e7a001011'
