# Managed by azldev component update. Do not edit manually.
version = 1
import-commit = '8e434a2be5eebf503cc9078afb0bb2e45b064df9'
upstream-commit = 'c4cd80583699e8547c47c18fd07a2575c362bd3d'
manual-bump = 2
input-fingerprint = 'sha256:dfdbc79b4d18961fcaea1a84e62195b4e70ad1cc021bb34ec089ada47267d977'
resolution-input-hash = 'sha256:66d62fe619567932490e7a0efe734c3e5a22629c406a9c32f79cd23e7a001011'
