# Managed by azldev component update. Do not edit manually.
version = 1
import-commit = '299dbf6db972d2fde8a9054f06580ce7f643ce69'
upstream-commit = '299dbf6db972d2fde8a9054f06580ce7f643ce69'
manual-bump = 1
input-fingerprint = 'sha256:8a5e4abec5a27ca22723989ba6458b478ba6d8dc416ad69c5c296bcb4fbb335c'
resolution-input-hash = 'sha256:2f28ab3acf76be3f204b5af6296868e6365fcd5554d51c959e59c14de0a10e87'
