# Managed by azldev component update. Do not edit manually.
version = 1
import-commit = '966880ea3e58112f9cf4108c2e419cae62fa1b54'
upstream-commit = '966880ea3e58112f9cf4108c2e419cae62fa1b54'
manual-bump = 2
input-fingerprint = 'sha256:4e63b22d899bdec22e71e8f0bdecbbf604bf2b797219fe62953b495a38c4f3c2'
resolution-input-hash = 'sha256:66d62fe619567932490e7a0efe734c3e5a22629c406a9c32f79cd23e7a001011'
