# Managed by azldev component update. Do not edit manually.
version = 1
import-commit = 'd49bcc30aae384a988426ad2f97e48e1d14d4b97'
upstream-commit = 'd49bcc30aae384a988426ad2f97e48e1d14d4b97'
input-fingerprint = 'sha256:5acb9e4e3fc087f77dabfb0c157af86d69f7104865dc298044cbb38b18f698b8'
resolution-input-hash = 'sha256:466421704711c4fd3c71f0b2ed715a0e61d49e3e26f3a2637fee755795849c8e'
