# Managed by azldev component update. Do not edit manually.
version = 1
import-commit = '6db0254517fad2fac41b176f7a98671f47f98272'
upstream-commit = '7e6af330628dc8831845f64f70f8cc8d1d12db15'
manual-bump = 2
input-fingerprint = 'sha256:233ca10a95a3582ac814312d4a14d4c10e4f2283c56df062dd0765a0107e129d'
resolution-input-hash = 'sha256:66d62fe619567932490e7a0efe734c3e5a22629c406a9c32f79cd23e7a001011'
