# Managed by azldev component update. Do not edit manually.
version = 1
import-commit = 'b6fe7a9f17959118f0fe5b8eaaca7e51d71cddc6'
upstream-commit = 'b6fe7a9f17959118f0fe5b8eaaca7e51d71cddc6'
manual-bump = 2
input-fingerprint = 'sha256:1feb6e1528d5dd812485509cbca565621657d43cca4962763dc12da393056ded'
resolution-input-hash = 'sha256:ee2b4b2a7474232699f7ef1461160019159849dcc0daf2dcff1aabf35416ecec'
