# Managed by azldev component update. Do not edit manually.
version = 1
import-commit = '42c087dba493b3b3ef244058e16de57a94908b3d'
upstream-commit = '42c087dba493b3b3ef244058e16de57a94908b3d'
manual-bump = 2
input-fingerprint = 'sha256:cbfe71fde7f404008e3499e2779fe68caf09410e21bccea657bb98d1ffb4dd75'
resolution-input-hash = 'sha256:ee2b4b2a7474232699f7ef1461160019159849dcc0daf2dcff1aabf35416ecec'
