# Managed by azldev component update. Do not edit manually.
version = 1
import-commit = '719d2f3aed400cce7d70d4a4d307c54d632061a5'
upstream-commit = '719d2f3aed400cce7d70d4a4d307c54d632061a5'
manual-bump = 2
input-fingerprint = 'sha256:4a3c6f96ba3c3428da452e85defdc07c7a6b17b480c28506859c9c56ba89116c'
resolution-input-hash = 'sha256:ee2b4b2a7474232699f7ef1461160019159849dcc0daf2dcff1aabf35416ecec'
