# Managed by azldev component update. Do not edit manually.
version = 1
import-commit = 'b33d8705f72cd02468388dc58dd32b9654c2a238'
upstream-commit = 'b33d8705f72cd02468388dc58dd32b9654c2a238'
input-fingerprint = 'sha256:7830f00ce0a4d953eb9f9b17ff230114b4869c26ea3d70400adbf04ab3574190'
resolution-input-hash = 'sha256:466421704711c4fd3c71f0b2ed715a0e61d49e3e26f3a2637fee755795849c8e'
