# Managed by azldev component update. Do not edit manually.
version = 1
import-commit = '1f283b25ee5041972ef77fc7f8ce39c66902a2da'
upstream-commit = '1f283b25ee5041972ef77fc7f8ce39c66902a2da'
manual-bump = 2
input-fingerprint = 'sha256:88330af781b6def38dcd03ee27445eee985d39e5deeb15010f4f5f9153909a45'
resolution-input-hash = 'sha256:466421704711c4fd3c71f0b2ed715a0e61d49e3e26f3a2637fee755795849c8e'
