# Managed by azldev component update. Do not edit manually.
version = 1
import-commit = 'e79208f02e7037c91cd49a1e11bd24f63e42ca23'
upstream-commit = 'e79208f02e7037c91cd49a1e11bd24f63e42ca23'
manual-bump = 2
input-fingerprint = 'sha256:7b602b8b88fcaea898708056689cd9ee590c03b5568cbcca072d9474f641ac6d'
resolution-input-hash = 'sha256:2f28ab3acf76be3f204b5af6296868e6365fcd5554d51c959e59c14de0a10e87'
