# Managed by azldev component update. Do not edit manually.
version = 1
import-commit = 'ba15e37dadadfb9b7b86c10aaec101b9c6a005ad'
upstream-commit = 'ba15e37dadadfb9b7b86c10aaec101b9c6a005ad'
manual-bump = 1
input-fingerprint = 'sha256:b4b38e8df1a85bd009060fa684ee60fc55a4b78c285065a2e8d5379a27c348e8'
resolution-input-hash = 'sha256:2f28ab3acf76be3f204b5af6296868e6365fcd5554d51c959e59c14de0a10e87'
