# Managed by azldev component update. Do not edit manually.
version = 1
import-commit = 'be695d1309b4fd5fec47e3e13481bbac58364453'
upstream-commit = 'be695d1309b4fd5fec47e3e13481bbac58364453'
manual-bump = 1
input-fingerprint = 'sha256:5efe933b9d27d7d16cf13b31254f5a6c0aada3f02c99a4bcd168fb48a1f02bea'
resolution-input-hash = 'sha256:2f28ab3acf76be3f204b5af6296868e6365fcd5554d51c959e59c14de0a10e87'
