# Managed by azldev component update. Do not edit manually.
version = 1
import-commit = '7402568218327483986dd79f9ac328d2a1d8f820'
upstream-commit = '7402568218327483986dd79f9ac328d2a1d8f820'
manual-bump = 2
input-fingerprint = 'sha256:ff41f0d59b0d1385db0ceb89bc3a87845991fc4c49c6c9cd1b6f482af88c3375'
resolution-input-hash = 'sha256:2f28ab3acf76be3f204b5af6296868e6365fcd5554d51c959e59c14de0a10e87'
