# Managed by azldev component update. Do not edit manually.
version = 1
import-commit = '68d7431ec0e4f07c318bfe7b864ab8543cdca0ab'
upstream-commit = '68d7431ec0e4f07c318bfe7b864ab8543cdca0ab'
manual-bump = 2
input-fingerprint = 'sha256:7d50650d5762601df2926ab11940b1ec2995c0695fb49d87841504bcb93892a6'
resolution-input-hash = 'sha256:466421704711c4fd3c71f0b2ed715a0e61d49e3e26f3a2637fee755795849c8e'
