# Managed by azldev component update. Do not edit manually.
version = 1
import-commit = '837cca6c6cab1ee838ea5e98f0edbd0194173b1c'
upstream-commit = '837cca6c6cab1ee838ea5e98f0edbd0194173b1c'
input-fingerprint = 'sha256:875d0feaf718ec75a01579fda07cf728a8a7387c9e7685ae5dea4430e7e44a94'
resolution-input-hash = 'sha256:466421704711c4fd3c71f0b2ed715a0e61d49e3e26f3a2637fee755795849c8e'
