# Managed by azldev component update. Do not edit manually.
version = 1
import-commit = 'c0532b72ed0bdbfaea5c71cb28d19ec474391bdc'
upstream-commit = 'c0532b72ed0bdbfaea5c71cb28d19ec474391bdc'
manual-bump = 2
input-fingerprint = 'sha256:2327f875663569d75eb25233f81220a40599d6b3e1a8cdb8a68b0b8fd346493d'
resolution-input-hash = 'sha256:2f28ab3acf76be3f204b5af6296868e6365fcd5554d51c959e59c14de0a10e87'
