# Managed by azldev component update. Do not edit manually.
version = 1
import-commit = '38d5bc369f3996f3c5c80ca24b271fd5b4cff98a'
upstream-commit = 'd8bafa45605ee9fbc2f2e08454fe0d01b5b7bc51'
manual-bump = 2
input-fingerprint = 'sha256:64c48b259bf2dc99769a26bb88e4766a78ff478dd5c78150a899d63923c2f977'
resolution-input-hash = 'sha256:66d62fe619567932490e7a0efe734c3e5a22629c406a9c32f79cd23e7a001011'
