# Managed by azldev component update. Do not edit manually.
version = 1
import-commit = 'c1ce81337374f04bf5815931b8361282d0e26ca3'
upstream-commit = 'c1ce81337374f04bf5815931b8361282d0e26ca3'
input-fingerprint = 'sha256:d38bd9d1d8c5b80b37d3a2a1f9b0028a22b55f07dfb8e19cbf211bf5e322c4b4'
resolution-input-hash = 'sha256:466421704711c4fd3c71f0b2ed715a0e61d49e3e26f3a2637fee755795849c8e'
