# Managed by azldev component update. Do not edit manually.
version = 1
import-commit = 'ba08a416f72f62fead61e6bcb8a06b5b48f3fb05'
upstream-commit = 'c86630587d48c6e1dafcb9ed6dbb99c85a2a6b8b'
manual-bump = 2
input-fingerprint = 'sha256:a76d52ebedb8aa990d8eab05486ff95a237bb68480dee16ba1208e24f86115fd'
resolution-input-hash = 'sha256:66d62fe619567932490e7a0efe734c3e5a22629c406a9c32f79cd23e7a001011'
