# Managed by azldev component update. Do not edit manually.
version = 1
import-commit = 'e27e33a396595d210605a46ba1c85f5911922e5f'
upstream-commit = 'e27e33a396595d210605a46ba1c85f5911922e5f'
manual-bump = 1
input-fingerprint = 'sha256:ffa4b327ac74741458171f4ef5b1b9ff648dff48ac3680607b30c6a975ba81ba'
resolution-input-hash = 'sha256:466421704711c4fd3c71f0b2ed715a0e61d49e3e26f3a2637fee755795849c8e'
