# Managed by azldev component update. Do not edit manually.
version = 1
import-commit = 'e5abb6ad11ea6bda0d928f44f162af03316cc4d5'
upstream-commit = '1dcbe7cf15d757496d4dbab236ebc1e78b50b405'
manual-bump = 2
input-fingerprint = 'sha256:5d0de4cef3fbd85a1a7b4ccbd22735ecdbc920f9bffffb6283bc3a3c7051d8f9'
resolution-input-hash = 'sha256:66d62fe619567932490e7a0efe734c3e5a22629c406a9c32f79cd23e7a001011'
