# Managed by azldev component update. Do not edit manually.
version = 1
import-commit = 'ab7774218793a2e1e14b1c13aad76e386b8d2701'
upstream-commit = 'ab7774218793a2e1e14b1c13aad76e386b8d2701'
manual-bump = 2
input-fingerprint = 'sha256:f91da5b4dcdbd7d65cbf7909feea8a8e5c8446dcf0d7aadb99ced3d73f5e7f8f'
resolution-input-hash = 'sha256:466421704711c4fd3c71f0b2ed715a0e61d49e3e26f3a2637fee755795849c8e'
