# Managed by azldev component update. Do not edit manually.
version = 1
import-commit = '4cfd3e81008626f5fc74442dd7144e21cda12bc7'
upstream-commit = '4cfd3e81008626f5fc74442dd7144e21cda12bc7'
input-fingerprint = 'sha256:44631b5aa47a4fd0530f6f8d3fe3e5e9ef504aecf5ffc5a8ee25683c6006eb81'
resolution-input-hash = 'sha256:466421704711c4fd3c71f0b2ed715a0e61d49e3e26f3a2637fee755795849c8e'

[bumps]
# Migration: static Release 23 -> %autorelease (base 22) at upstream commit 4cfd3e810086. Bump = 2 (new release = 24, > old).
4cfd3e81008626f5fc74442dd7144e21cda12bc7 = 2
