# Managed by azldev component update. Do not edit manually.
version = 1
import-commit = 'd04bf9920c719f6ed458b9dfc33fd394bca71a87'
upstream-commit = 'd04bf9920c719f6ed458b9dfc33fd394bca71a87'
input-fingerprint = 'sha256:494820028af315e84cf91b651688fb1de063648e58e9d31e9bad932dd5dc555d'
resolution-input-hash = 'sha256:466421704711c4fd3c71f0b2ed715a0e61d49e3e26f3a2637fee755795849c8e'
