# Managed by azldev component update. Do not edit manually.
version = 1
import-commit = '8a212f2c8b223f3e5fe438b896fed7b883aac59d'
upstream-commit = '8a212f2c8b223f3e5fe438b896fed7b883aac59d'
input-fingerprint = 'sha256:8824cb1660ffda0ef19e1f9775c2a84d70f47c3f6791217ca754a8822a123da5'
resolution-input-hash = 'sha256:466421704711c4fd3c71f0b2ed715a0e61d49e3e26f3a2637fee755795849c8e'
