# Managed by azldev component update. Do not edit manually.
version = 1
import-commit = '2e57d1496ef2dd09aa8a5d82433c15a74066ab68'
upstream-commit = '2e57d1496ef2dd09aa8a5d82433c15a74066ab68'
input-fingerprint = 'sha256:59fc3f905224c2b9d6b500d18e4520bab494e9d53e7dc0a1cfd056f2b315d812'
resolution-input-hash = 'sha256:466421704711c4fd3c71f0b2ed715a0e61d49e3e26f3a2637fee755795849c8e'
