# Managed by azldev component update. Do not edit manually.
version = 1
import-commit = '2778549bb0b68ca35051202f47229b6c0d52ee5e'
upstream-commit = '2778549bb0b68ca35051202f47229b6c0d52ee5e'
manual-bump = 2
input-fingerprint = 'sha256:9d9ea2830341e7ec12ed829ae59ee8a24602126b562f3936c32116fe3e906134'
resolution-input-hash = 'sha256:466421704711c4fd3c71f0b2ed715a0e61d49e3e26f3a2637fee755795849c8e'
