# Managed by azldev component update. Do not edit manually.
version = 1
import-commit = 'd0b508c465e120e1e5b8f8b084acebb9d1526c57'
upstream-commit = 'd0b508c465e120e1e5b8f8b084acebb9d1526c57'
manual-bump = 1
input-fingerprint = 'sha256:e5ac4b210e8422c82a229abeb0096dfd447564d3ace74e7d368d6adf1a2729a1'
resolution-input-hash = 'sha256:2f28ab3acf76be3f204b5af6296868e6365fcd5554d51c959e59c14de0a10e87'
