# Managed by azldev component update. Do not edit manually.
version = 1
import-commit = 'd04bf9920c719f6ed458b9dfc33fd394bca71a87'
upstream-commit = 'd04bf9920c719f6ed458b9dfc33fd394bca71a87'
manual-bump = 1
input-fingerprint = 'sha256:37e43815a6e1346066fa167dde8be32d0c1909cec91d1789c694f0f2d7131c04'
resolution-input-hash = 'sha256:2f28ab3acf76be3f204b5af6296868e6365fcd5554d51c959e59c14de0a10e87'
