# Managed by azldev component update. Do not edit manually.
version = 1
import-commit = '0704123dee4979737a48146522782f4632e6c63e'
upstream-commit = '0704123dee4979737a48146522782f4632e6c63e'
manual-bump = 1
input-fingerprint = 'sha256:743701506a8f3b1ab7fcd0e977ae0d1193a35d42cd2d26e95da36fa6b722e2da'
resolution-input-hash = 'sha256:466421704711c4fd3c71f0b2ed715a0e61d49e3e26f3a2637fee755795849c8e'
