# Managed by azldev component update. Do not edit manually.
version = 1
import-commit = '3be1bdee27239714dadf63e8704328ee3935cb53'
upstream-commit = 'dcafd950f71066538e783e616ebe53d6b02252d3'
manual-bump = 2
input-fingerprint = 'sha256:62e35206774d535044a4a9d362df3daba573ec9dd70e89928d0a0bb939529e4a'
resolution-input-hash = 'sha256:66d62fe619567932490e7a0efe734c3e5a22629c406a9c32f79cd23e7a001011'
