# Managed by azldev component update. Do not edit manually.
version = 1
import-commit = '5f900c2d90a93caf798208c0888e8d9dee232ce8'
upstream-commit = '5f900c2d90a93caf798208c0888e8d9dee232ce8'
manual-bump = 2
input-fingerprint = 'sha256:a17480bf031f0303412009c3a606bbb8732ba655c31b22b7a9236125e53eab65'
resolution-input-hash = 'sha256:ee2b4b2a7474232699f7ef1461160019159849dcc0daf2dcff1aabf35416ecec'
