# Managed by azldev component update. Do not edit manually.
version = 1
import-commit = '35da1927572eb7adba1396c503fd7463558723ae'
upstream-commit = '35da1927572eb7adba1396c503fd7463558723ae'
manual-bump = 1
input-fingerprint = 'sha256:a6b5905d608dec46c2e7aa681b5a5a59d96091f6c99022e524431a335e45a4c3'
resolution-input-hash = 'sha256:2f28ab3acf76be3f204b5af6296868e6365fcd5554d51c959e59c14de0a10e87'
