# Managed by azldev component update. Do not edit manually.
version = 1
import-commit = '45199aad49fb9a7bd499eb3c82216f56ad67f7d7'
upstream-commit = '45199aad49fb9a7bd499eb3c82216f56ad67f7d7'
input-fingerprint = 'sha256:dce54d9593ea9b34c9680b06c593899b98731c6a3e44f0a91785a2d29cc514c3'
resolution-input-hash = 'sha256:466421704711c4fd3c71f0b2ed715a0e61d49e3e26f3a2637fee755795849c8e'
