# Managed by azldev component update. Do not edit manually.
version = 1
import-commit = '77fe277574c7d1744264189a31b47d938cd84978'
upstream-commit = '77fe277574c7d1744264189a31b47d938cd84978'
manual-bump = 2
input-fingerprint = 'sha256:739da9428f0a260cc702cec05c6f4694f7da61f54b5b596afff5fa7c05cb83a6'
resolution-input-hash = 'sha256:2f28ab3acf76be3f204b5af6296868e6365fcd5554d51c959e59c14de0a10e87'
