# Managed by azldev component update. Do not edit manually.
version = 1
import-commit = 'ef7cc947e4dbfaf3743f2397328ae8a57ed259e9'
upstream-commit = '5ba43e9b0717e65459b61c9e619e98ec4c4f67e0'
manual-bump = 2
input-fingerprint = 'sha256:8f9c026564b32c9e4d1ec451a5d1a602a58c98564983a7660f853c6807ded2d8'
resolution-input-hash = 'sha256:66d62fe619567932490e7a0efe734c3e5a22629c406a9c32f79cd23e7a001011'
