# Managed by azldev component update. Do not edit manually.
version = 1
import-commit = '0a19f4fbc80084c1219b06cc5fba77ae35bc57fb'
upstream-commit = '4b22410be16ced71695fde39ef241d08e4ed1400'
manual-bump = 2
input-fingerprint = 'sha256:afdaea666fa13986d8d760926284bbb24283498d90f7f84b47f5fdddd479cc70'
resolution-input-hash = 'sha256:66d62fe619567932490e7a0efe734c3e5a22629c406a9c32f79cd23e7a001011'
