# Managed by azldev component update. Do not edit manually.
version = 1
import-commit = 'ad9d02bd99ad601fd6017c96b92a0f8252d3d6af'
upstream-commit = 'ad9d02bd99ad601fd6017c96b92a0f8252d3d6af'
manual-bump = 2
input-fingerprint = 'sha256:d037efb0292fd4fa5533656fb9593d797871ac7f1e9690d6416af7a66c83cab2'
resolution-input-hash = 'sha256:466421704711c4fd3c71f0b2ed715a0e61d49e3e26f3a2637fee755795849c8e'
