# Managed by azldev component update. Do not edit manually.
version = 1
import-commit = 'cd0e14095eefbbe7e0d89a21b75090fee7801e10'
upstream-commit = 'cd0e14095eefbbe7e0d89a21b75090fee7801e10'
manual-bump = 2
input-fingerprint = 'sha256:59e6a759e8065dc202db0630f8b976693a7a02c768e7967ed560ff8120c5e26a'
resolution-input-hash = 'sha256:466421704711c4fd3c71f0b2ed715a0e61d49e3e26f3a2637fee755795849c8e'
