# Managed by azldev component update. Do not edit manually.
version = 1
import-commit = 'efc1b5e39a87a60bcf8edd750c2d8e40b69c7797'
upstream-commit = 'a02f89586ee729e03b5b2f976cee2f3854744f7c'
manual-bump = 2
input-fingerprint = 'sha256:b244f93ff9b24b9e692c84b2429b62d2319e5968b4ce1dc2b811ea844001da66'
resolution-input-hash = 'sha256:66d62fe619567932490e7a0efe734c3e5a22629c406a9c32f79cd23e7a001011'
