# Managed by azldev component update. Do not edit manually.
version = 1
import-commit = 'd4633089ce491401e7bc0c0184966d04e6e9b027'
upstream-commit = 'd4633089ce491401e7bc0c0184966d04e6e9b027'
manual-bump = 1
input-fingerprint = 'sha256:759278469741420fd6bb46beb13714047bf7c6201eff35919d8e194c48fda18d'
resolution-input-hash = 'sha256:466421704711c4fd3c71f0b2ed715a0e61d49e3e26f3a2637fee755795849c8e'
