# Managed by azldev component update. Do not edit manually.
version = 1
import-commit = '87ffb86fe321685db95796cb3408c76fcdaddca8'
upstream-commit = '87ffb86fe321685db95796cb3408c76fcdaddca8'
manual-bump = 2
input-fingerprint = 'sha256:ae536fbbb2298f9c81bd5dd85e3b4518a90141d0eb30cdef9a9482980beb1853'
resolution-input-hash = 'sha256:ee2b4b2a7474232699f7ef1461160019159849dcc0daf2dcff1aabf35416ecec'
