# Managed by azldev component update. Do not edit manually.
version = 1
import-commit = '683515072d5e119eae8cd21b4d51d5e0725e2b71'
upstream-commit = '683515072d5e119eae8cd21b4d51d5e0725e2b71'
manual-bump = 1
input-fingerprint = 'sha256:e178afb20d018b9cc55ed70e2689a82c60a070e858c5848662a4a69190f53c8c'
resolution-input-hash = 'sha256:466421704711c4fd3c71f0b2ed715a0e61d49e3e26f3a2637fee755795849c8e'
