# Managed by azldev component update. Do not edit manually.
version = 1
import-commit = 'e403531904b4b44490fd98d4ebd3643dde3c9883'
upstream-commit = 'e403531904b4b44490fd98d4ebd3643dde3c9883'
manual-bump = 2
input-fingerprint = 'sha256:3d14a9cba7cd5dc7807d84e37b1c186f56d9718e59661d728b42fb07a4719d61'
resolution-input-hash = 'sha256:466421704711c4fd3c71f0b2ed715a0e61d49e3e26f3a2637fee755795849c8e'
