# Managed by azldev component update. Do not edit manually.
version = 1
import-commit = 'd4c5bc68027fd7fc02da94410c7d9d904167f0b3'
upstream-commit = '79b8e95e52a80cc5f97f80d7d6630a7df7b9d81e'
manual-bump = 2
input-fingerprint = 'sha256:56e4a4df315aca0ed7a32b94dee45c4de959654f01099d25dab341ba14003c54'
resolution-input-hash = 'sha256:66d62fe619567932490e7a0efe734c3e5a22629c406a9c32f79cd23e7a001011'
