# Managed by azldev component update. Do not edit manually.
version = 1
import-commit = '7b8f3871ebfc623f9c0b9127ee2f37960dadcebb'
upstream-commit = '7b8f3871ebfc623f9c0b9127ee2f37960dadcebb'
manual-bump = 1
input-fingerprint = 'sha256:12e51008f36d265aa5b153e869413422c6856d9d62ea5b311f1ad53da6fe61a2'
resolution-input-hash = 'sha256:2f28ab3acf76be3f204b5af6296868e6365fcd5554d51c959e59c14de0a10e87'
