# Managed by azldev component update. Do not edit manually.
version = 1
import-commit = '0c841f9e1616ee645bef2faeccaad87dd4566040'
upstream-commit = '0c841f9e1616ee645bef2faeccaad87dd4566040'
manual-bump = 1
input-fingerprint = 'sha256:62a347628032571164606b9b39a3c668e722f3c83d655c0481af8708087dd974'
resolution-input-hash = 'sha256:466421704711c4fd3c71f0b2ed715a0e61d49e3e26f3a2637fee755795849c8e'
