# Managed by azldev component update. Do not edit manually.
version = 1
import-commit = '2628bd4cf97faa85b9dba948271c1b713ec4414b'
upstream-commit = 'f9804ea324313d2e2d880e083882e08906ce4e55'
manual-bump = 2
input-fingerprint = 'sha256:23c99880958e4b47c2f3b08b720f1eb424eaf8ab49316350e7e0818e86af7822'
resolution-input-hash = 'sha256:66d62fe619567932490e7a0efe734c3e5a22629c406a9c32f79cd23e7a001011'
