# Managed by azldev component update. Do not edit manually.
version = 1
import-commit = 'e4ae056e229165d04e5f9d780657edfe5071a60e'
upstream-commit = 'e4ae056e229165d04e5f9d780657edfe5071a60e'
manual-bump = 1
input-fingerprint = 'sha256:56a9f49e306e9563770c1d2ca882389ec1e0ef157fb0272e450b9ecf09e6883b'
resolution-input-hash = 'sha256:466421704711c4fd3c71f0b2ed715a0e61d49e3e26f3a2637fee755795849c8e'
