# Managed by azldev component update. Do not edit manually.
version = 1
import-commit = 'a3db4fea2a15f8e1af5a23257394a77ec4a31511'
upstream-commit = 'a3db4fea2a15f8e1af5a23257394a77ec4a31511'
manual-bump = 2
input-fingerprint = 'sha256:5b04aa27675e567baf0f447fcfe8e7ec2c672e2c19fb9d3615294f88145d7c8b'
resolution-input-hash = 'sha256:ee2b4b2a7474232699f7ef1461160019159849dcc0daf2dcff1aabf35416ecec'
