# Managed by azldev component update. Do not edit manually.
version = 1
import-commit = '70ae734632a1fa7c120a13cd1a6997342e3a89b4'
upstream-commit = '70ae734632a1fa7c120a13cd1a6997342e3a89b4'
input-fingerprint = 'sha256:b81b5ac0c8d219c1d90181d25ea1f322ad0f089a69de30eff3a26353973866c7'
resolution-input-hash = 'sha256:466421704711c4fd3c71f0b2ed715a0e61d49e3e26f3a2637fee755795849c8e'
