# Managed by azldev component update. Do not edit manually.
version = 1
import-commit = 'de5ffc6d31a2f06b7b5521ad4a8ce0babc9f52d5'
upstream-commit = '1100ac2c3c9767a6531e565dfd2b3fba7dc3d489'
manual-bump = 2
input-fingerprint = 'sha256:024e195504f509fe7752d46f43c1a19507bc0004900792a25aaac6ffc18d97eb'
resolution-input-hash = 'sha256:2f28ab3acf76be3f204b5af6296868e6365fcd5554d51c959e59c14de0a10e87'
