# Managed by azldev component update. Do not edit manually.
version = 1
import-commit = '04440e3b796820b3bf49dd5019cd0a0de1ddc341'
upstream-commit = '04440e3b796820b3bf49dd5019cd0a0de1ddc341'
manual-bump = 2
input-fingerprint = 'sha256:4c406898b724734ca5b1dd75e78828d941b97372440006cd06b1b8486b2ab5fd'
resolution-input-hash = 'sha256:466421704711c4fd3c71f0b2ed715a0e61d49e3e26f3a2637fee755795849c8e'
