# Managed by azldev component update. Do not edit manually.
version = 1
import-commit = '89cc51c3a98e6984759003723c3cc2ccd182ea6f'
upstream-commit = 'c80ddf66ac133ede17aeaab2ff9ed7348d148621'
manual-bump = 2
input-fingerprint = 'sha256:bbfca0d5846cfb18f34619ad5c8afd47894dca8757c06f9f3862539ab93f1e37'
resolution-input-hash = 'sha256:66d62fe619567932490e7a0efe734c3e5a22629c406a9c32f79cd23e7a001011'
