# Managed by azldev component update. Do not edit manually.
version = 1
import-commit = '3daa07c83f14564cc74d9e37d627b5bba4d5d6a8'
upstream-commit = '3daa07c83f14564cc74d9e37d627b5bba4d5d6a8'
manual-bump = 1
input-fingerprint = 'sha256:6fc10081bf02102c4324f2078a30667e17e4a85f645f284b269e17d2d6b6adab'
resolution-input-hash = 'sha256:466421704711c4fd3c71f0b2ed715a0e61d49e3e26f3a2637fee755795849c8e'
