# Managed by azldev component update. Do not edit manually.
version = 1
import-commit = '3c6612373e112d40d4d2ef91e900b193d057976f'
upstream-commit = '3c6612373e112d40d4d2ef91e900b193d057976f'
manual-bump = 2
input-fingerprint = 'sha256:3331abaf6077838244334e6b107eacfa93042358046a033c230ffd6d493c10b3'
resolution-input-hash = 'sha256:ee2b4b2a7474232699f7ef1461160019159849dcc0daf2dcff1aabf35416ecec'
