# Managed by azldev component update. Do not edit manually.
version = 1
import-commit = '790e8ad4288cc7c57dc0bb6f91247105707fdf74'
upstream-commit = '790e8ad4288cc7c57dc0bb6f91247105707fdf74'
manual-bump = 2
input-fingerprint = 'sha256:6e1f485c8541c149717510f99ca23449b785970d7e8e40a3b3624506fa12fd5b'
resolution-input-hash = 'sha256:466421704711c4fd3c71f0b2ed715a0e61d49e3e26f3a2637fee755795849c8e'
