# Managed by azldev component update. Do not edit manually.
version = 1
import-commit = '4a22d495d6bde25f9fecc6bb76f9e442745d2794'
upstream-commit = '4a22d495d6bde25f9fecc6bb76f9e442745d2794'
manual-bump = 2
input-fingerprint = 'sha256:c599ba300a0d5831649c05b491953c86463dde34e7ccc34d083e9ee3fcc1e1b0'
resolution-input-hash = 'sha256:2f28ab3acf76be3f204b5af6296868e6365fcd5554d51c959e59c14de0a10e87'
