# Managed by azldev component update. Do not edit manually.
version = 1
import-commit = 'e631491fa7c9c7a76001ce9369b744bc1b29815d'
upstream-commit = 'e631491fa7c9c7a76001ce9369b744bc1b29815d'
manual-bump = 1
input-fingerprint = 'sha256:838515032ca126b1ff46b52b4df2528c409f37eed65083296917f20216de086f'
resolution-input-hash = 'sha256:2f28ab3acf76be3f204b5af6296868e6365fcd5554d51c959e59c14de0a10e87'
