# Managed by azldev component update. Do not edit manually.
version = 1
import-commit = 'eacd1976814cf0038b0fdaba136dd67530031ff9'
upstream-commit = 'eacd1976814cf0038b0fdaba136dd67530031ff9'
manual-bump = 1
input-fingerprint = 'sha256:548fe5bdbe1a2fe2ed9767958b4afc7bb1788e10c81f9f72e86f5427314a1381'
resolution-input-hash = 'sha256:466421704711c4fd3c71f0b2ed715a0e61d49e3e26f3a2637fee755795849c8e'
