# Managed by azldev component update. Do not edit manually.
version = 1
import-commit = '27112812d56574d6f333bf18d18e93c9720119e6'
upstream-commit = '27112812d56574d6f333bf18d18e93c9720119e6'
input-fingerprint = 'sha256:04deb5d780725fe7503705de8148eeaeb54a14671271290039f2c50706fafdea'
resolution-input-hash = 'sha256:466421704711c4fd3c71f0b2ed715a0e61d49e3e26f3a2637fee755795849c8e'
