# Managed by azldev component update. Do not edit manually.
version = 1
import-commit = '5f853969e846e02cd0d176f599479157cd3a28fb'
upstream-commit = '5f853969e846e02cd0d176f599479157cd3a28fb'
input-fingerprint = 'sha256:cfdf0b231af824a0bfc3e76794c77da1446bab768975064e53b7e4807e842ddb'
resolution-input-hash = 'sha256:466421704711c4fd3c71f0b2ed715a0e61d49e3e26f3a2637fee755795849c8e'
