# Managed by azldev component update. Do not edit manually.
version = 1
import-commit = 'f05a3711f44d6ef6a4a6756257249a6a7671a8b1'
upstream-commit = '774ac0d04b9d5790327012d3388e9380c7e2f4b9'
manual-bump = 2
input-fingerprint = 'sha256:bb5e89ee0c00adf8d5d75bd98b846941bc9df1546ec4b145d7af79c3c400b853'
resolution-input-hash = 'sha256:ee2b4b2a7474232699f7ef1461160019159849dcc0daf2dcff1aabf35416ecec'
