# Managed by azldev component update. Do not edit manually.
version = 1
import-commit = '5414d9234b6a69b15da6c362f7fb62fd834e19cc'
upstream-commit = 'e953322aeb67f6c9a2a563b0c13b99bd94f28bf3'
manual-bump = 1
input-fingerprint = 'sha256:17ce1506ceb9c192e82f9773fc454625739777d5a7b1141ff8f4dc689d00612b'
resolution-input-hash = 'sha256:2f28ab3acf76be3f204b5af6296868e6365fcd5554d51c959e59c14de0a10e87'
