# Managed by azldev component update. Do not edit manually.
version = 1
import-commit = '88bcfb2ca4c5b5142e39763e8bc60a9239e8c2ce'
upstream-commit = 'f2808f0e0ae7974e63fe99ae2f233b11e38249ae'
manual-bump = 2
input-fingerprint = 'sha256:165123f6061669719f2fd58736a13b8626f318458c6d286299836cd55c97703c'
resolution-input-hash = 'sha256:66d62fe619567932490e7a0efe734c3e5a22629c406a9c32f79cd23e7a001011'
