# Managed by azldev component update. Do not edit manually.
version = 1
import-commit = '5f853969e846e02cd0d176f599479157cd3a28fb'
upstream-commit = '5eb4284c41f5549b7edd2517e4005a10a8ad05f1'
manual-bump = 2
input-fingerprint = 'sha256:d296e101de37a942f3ff3d9bfd14b9d0eb0af862d00c71a9a3b0a92d18771e1a'
resolution-input-hash = 'sha256:2f28ab3acf76be3f204b5af6296868e6365fcd5554d51c959e59c14de0a10e87'
