# Managed by azldev component update. Do not edit manually.
version = 1
import-commit = '0e60005cf5a58a3c10a3797b723c0b01c6c846c9'
upstream-commit = '8ed5c126859daa7d8e0bad30a9629c696ce04719'
manual-bump = 2
input-fingerprint = 'sha256:6a401ae4fc19f03e4ef544a9555fd00d8e4e9c3fdb70ff353d594c21cea58c0f'
resolution-input-hash = 'sha256:66d62fe619567932490e7a0efe734c3e5a22629c406a9c32f79cd23e7a001011'
