# Managed by azldev component update. Do not edit manually.
version = 1
import-commit = '05155b0f14b8043080217b4058dbbf7aead8dd20'
upstream-commit = '05155b0f14b8043080217b4058dbbf7aead8dd20'
manual-bump = 2
input-fingerprint = 'sha256:a88a10e221485756ce61ac5f6fa28b9efc77fc33e60192bb966509c1f2131186'
resolution-input-hash = 'sha256:466421704711c4fd3c71f0b2ed715a0e61d49e3e26f3a2637fee755795849c8e'
