# Managed by azldev component update. Do not edit manually.
version = 1
import-commit = '1e0368a3981aa4d72344e294d9824fc5bded5ec3'
upstream-commit = '1e0368a3981aa4d72344e294d9824fc5bded5ec3'
manual-bump = 1
input-fingerprint = 'sha256:e2496e3f55a9a8ee6625417fb866bf0e522b0e3e4b634ab9e2e97389e855341d'
resolution-input-hash = 'sha256:466421704711c4fd3c71f0b2ed715a0e61d49e3e26f3a2637fee755795849c8e'
