# Managed by azldev component update. Do not edit manually.
version = 1
import-commit = 'ed92deeea6124f2c6375c01107cc2ec761614171'
upstream-commit = 'ed92deeea6124f2c6375c01107cc2ec761614171'
input-fingerprint = 'sha256:1126ebc4773dc32760c910aedf9480c59ab2a992497068eec5983fb85a0db922'
resolution-input-hash = 'sha256:466421704711c4fd3c71f0b2ed715a0e61d49e3e26f3a2637fee755795849c8e'
