# Managed by azldev component update. Do not edit manually.
version = 1
import-commit = 'eafc57569755c658d4f5306b0b42b834ddc47c9d'
upstream-commit = 'eafc57569755c658d4f5306b0b42b834ddc47c9d'
input-fingerprint = 'sha256:082b90747b6caf36c5ae31bd17e81a73cc085288d770bd22d5ab65987045fe2c'
resolution-input-hash = 'sha256:466421704711c4fd3c71f0b2ed715a0e61d49e3e26f3a2637fee755795849c8e'
