# Managed by azldev component update. Do not edit manually.
version = 1
import-commit = '229f6e2b6748266e6be41b63abeb27009b901f51'
upstream-commit = '229f6e2b6748266e6be41b63abeb27009b901f51'
input-fingerprint = 'sha256:bec407253099c1ba781e670c67c878eb1dd477b316418aad2abade9854259e2b'
resolution-input-hash = 'sha256:466421704711c4fd3c71f0b2ed715a0e61d49e3e26f3a2637fee755795849c8e'
