# Managed by azldev component update. Do not edit manually.
version = 1
import-commit = '5348c41852cc42aaa5ed515e4de16acafca025f4'
upstream-commit = '5348c41852cc42aaa5ed515e4de16acafca025f4'
manual-bump = 1
input-fingerprint = 'sha256:b173d5da622e4abc4bb009c2650176419b1c4fe42f567b80daa9ac43315fabe9'
resolution-input-hash = 'sha256:466421704711c4fd3c71f0b2ed715a0e61d49e3e26f3a2637fee755795849c8e'
