# Managed by azldev component update. Do not edit manually.
version = 1
import-commit = '2c3fb65b8130ead68d109138fa7053820401f8e4'
upstream-commit = '2c3fb65b8130ead68d109138fa7053820401f8e4'
manual-bump = 1
input-fingerprint = 'sha256:f847eb1acc17b1965193aea748b189d529fbfedd3e4dc36b34607acccd7d1473'
resolution-input-hash = 'sha256:2f28ab3acf76be3f204b5af6296868e6365fcd5554d51c959e59c14de0a10e87'
