# Managed by azldev component update. Do not edit manually.
version = 1
import-commit = 'fed7dd118fddfe98cc44032fb69229cb4a50984f'
upstream-commit = 'c0cee2e0c4e4303a6a852ec29efd31630887e30e'
manual-bump = 2
input-fingerprint = 'sha256:1d3db8bd9119669bdec234bdbd4d24f92c9d2ece28c98da253f21ffb5d23fa40'
resolution-input-hash = 'sha256:66d62fe619567932490e7a0efe734c3e5a22629c406a9c32f79cd23e7a001011'
