# Managed by azldev component update. Do not edit manually.
version = 1
import-commit = 'f1b603ac4201b0912d2c8c9ded20f7d3ac113a44'
upstream-commit = 'a33bde6edaae30cf968bf897b4645a41f9efbf15'
manual-bump = 2
input-fingerprint = 'sha256:e957938267803d1f95c8c48e34940b08168f9f9079b1f2aaa4df36aa7a164678'
resolution-input-hash = 'sha256:66d62fe619567932490e7a0efe734c3e5a22629c406a9c32f79cd23e7a001011'
