# Managed by azldev component update. Do not edit manually.
version = 1
import-commit = 'c4199e81ea26aefb4f09f38ddd714824d86ce850'
upstream-commit = '1de2f5b32a204efb01efd2b1b9a8ecf0a329d255'
manual-bump = 2
input-fingerprint = 'sha256:aba374ec2f07c9bede28c0d7e2016d16a6ca15ade8a0d89911aa286ea7b9c2b1'
resolution-input-hash = 'sha256:66d62fe619567932490e7a0efe734c3e5a22629c406a9c32f79cd23e7a001011'
