# Managed by azldev component update. Do not edit manually.
version = 1
import-commit = 'b6249c3031468d41b7ee264250698fe9dd145350'
upstream-commit = 'b6249c3031468d41b7ee264250698fe9dd145350'
manual-bump = 2
input-fingerprint = 'sha256:deff5759567da343d9e0b2cd17ed63bcd2d9ae6e050659bb07d194fcb0be618f'
resolution-input-hash = 'sha256:466421704711c4fd3c71f0b2ed715a0e61d49e3e26f3a2637fee755795849c8e'
