# Managed by azldev component update. Do not edit manually.
version = 1
import-commit = 'e007f1a5dbf652f28ea9435e51166bf14f5f7092'
upstream-commit = 'e007f1a5dbf652f28ea9435e51166bf14f5f7092'
manual-bump = 2
input-fingerprint = 'sha256:3e255a39f1da43ae417aa29783602817bcf558be90b9c66e792c1b4e29fcacae'
resolution-input-hash = 'sha256:2f28ab3acf76be3f204b5af6296868e6365fcd5554d51c959e59c14de0a10e87'
