# Managed by azldev component update. Do not edit manually.
version = 1
import-commit = 'd2f041ca1954a92f70f4dbb4ffbc0a0bbe517255'
upstream-commit = 'd2f041ca1954a92f70f4dbb4ffbc0a0bbe517255'
input-fingerprint = 'sha256:8dbc3de3a3377b6cbfc1bc53039bfb3510e40d837784dcdfd7b61defd60e0487'
resolution-input-hash = 'sha256:466421704711c4fd3c71f0b2ed715a0e61d49e3e26f3a2637fee755795849c8e'
