# Managed by azldev component update. Do not edit manually.
version = 1
import-commit = '7a8c7985300f0cdbb02bfec3b19a609ceafd099e'
upstream-commit = 'bae550dd6513f91a8239fb22c4495f196cfdec01'
manual-bump = 2
input-fingerprint = 'sha256:1017166a74be5c2ca7cb2cb5ee1b776bb88152fcf106c12ceb27257f1790c7d2'
resolution-input-hash = 'sha256:2f28ab3acf76be3f204b5af6296868e6365fcd5554d51c959e59c14de0a10e87'
