# Managed by azldev component update. Do not edit manually.
version = 1
import-commit = 'b463ab0830cbf7c9bac01a0c8241fd55f1159363'
upstream-commit = 'c60eac0aba66ab2cff2e057402a984dfb554bd64'
manual-bump = 2
input-fingerprint = 'sha256:2e7d80b9790ae071ac1ce2cd64db7e8f668b92aa8813ebc20ed4b94ed1654ffc'
resolution-input-hash = 'sha256:66d62fe619567932490e7a0efe734c3e5a22629c406a9c32f79cd23e7a001011'
