# Managed by azldev component update. Do not edit manually.
version = 1
import-commit = 'e45807df8fb9eb79c957805f6a3b00e9d07520f9'
upstream-commit = '05f7439bf543f0d4bad829b092b93f8af63d884c'
manual-bump = 2
input-fingerprint = 'sha256:ccda114d3249a23d848b77b2e5bad3ca1f94f676e9bc2b80b5ba1cc010c36741'
resolution-input-hash = 'sha256:66d62fe619567932490e7a0efe734c3e5a22629c406a9c32f79cd23e7a001011'
