# Managed by azldev component update. Do not edit manually.
version = 1
import-commit = '4a3bd6f9ecaa4e74bda93b1ad449fd51f00adf7b'
upstream-commit = '6cf081f55532ac57d795d7266e3b99145c1d160d'
manual-bump = 2
input-fingerprint = 'sha256:667cc15456f3d1e44a8727a3ccad6748fefb6fc2c900d4716306a5b6db1ce68e'
resolution-input-hash = 'sha256:ee2b4b2a7474232699f7ef1461160019159849dcc0daf2dcff1aabf35416ecec'
