# Managed by azldev component update. Do not edit manually.
version = 1
import-commit = 'd70a12969176ec28e3e66ba8f7ca80c454b0ed13'
upstream-commit = 'd70a12969176ec28e3e66ba8f7ca80c454b0ed13'
input-fingerprint = 'sha256:f09d44fe4b3f93b6df9720b8e3c5872da7d4962032da41e5538f670da28b9bce'
resolution-input-hash = 'sha256:466421704711c4fd3c71f0b2ed715a0e61d49e3e26f3a2637fee755795849c8e'
