# Managed by azldev component update. Do not edit manually.
version = 1
import-commit = '56e0209a1c3708778a174b3f7122a46283e65694'
upstream-commit = '56e0209a1c3708778a174b3f7122a46283e65694'
manual-bump = 1
input-fingerprint = 'sha256:dc6e1f84c328a637cd9ad9b22b44c874800d64d52d83fe79a0b6ccc77ec016e0'
resolution-input-hash = 'sha256:2f28ab3acf76be3f204b5af6296868e6365fcd5554d51c959e59c14de0a10e87'
