# Managed by azldev component update. Do not edit manually.
version = 1
import-commit = '941ffa80a11dedb31c185017312dafa771e839bc'
upstream-commit = 'e87bac79e8155fef29baf71603cdcaa9f9092043'
manual-bump = 2
input-fingerprint = 'sha256:866cecfdb14f3b3d7e9734f643097ebbc896241c0ad30fe23a82ed488777d3bb'
resolution-input-hash = 'sha256:66d62fe619567932490e7a0efe734c3e5a22629c406a9c32f79cd23e7a001011'
