# Managed by azldev component update. Do not edit manually.
version = 1
import-commit = 'af7aeb0a17c70fe0d4e4045943bfa275dacfa141'
upstream-commit = 'af7aeb0a17c70fe0d4e4045943bfa275dacfa141'
manual-bump = 2
input-fingerprint = 'sha256:6b6eadaca4b8673b7657f9012a2cb962b4b6787c4b4705388959b8cd4d6acf2f'
resolution-input-hash = 'sha256:229e20981a875bab9ba45c5763659fd6f3166d864acdf2ba31a57977f6044a34'
