# Managed by azldev component update. Do not edit manually.
version = 1
import-commit = '9c0027d7e4bb7866afd08c7cf5cdd3211a176656'
upstream-commit = '7740c23c520a3e761043bdd0c06b7f2f2e203365'
manual-bump = 2
input-fingerprint = 'sha256:4bc61051cfde34c46a6fe2cff85d1d54458c4ce9139fda7d373a3245443aa3dc'
resolution-input-hash = 'sha256:66d62fe619567932490e7a0efe734c3e5a22629c406a9c32f79cd23e7a001011'
