# Managed by azldev component update. Do not edit manually.
version = 1
import-commit = '4dd841f474330466bccf2453ae8cf16a54958830'
upstream-commit = '4dd841f474330466bccf2453ae8cf16a54958830'
input-fingerprint = 'sha256:15cebbb17a31fcfb51d0727d87009f12b1d289c52e744dfe5082ccdf45f6b377'
resolution-input-hash = 'sha256:466421704711c4fd3c71f0b2ed715a0e61d49e3e26f3a2637fee755795849c8e'
