# Managed by azldev component update. Do not edit manually.
version = 1
import-commit = '85dd0c055fd316e13800958b3eedaf8941ec3304'
upstream-commit = '85dd0c055fd316e13800958b3eedaf8941ec3304'
manual-bump = 1
input-fingerprint = 'sha256:cd2c7409ad4c76d706e4b41c77a9cdad26bd9415e06f1465644eb901618cc29c'
resolution-input-hash = 'sha256:466421704711c4fd3c71f0b2ed715a0e61d49e3e26f3a2637fee755795849c8e'
