# Managed by azldev component update. Do not edit manually.
version = 1
import-commit = '677cba1fa3f3abbd2dfa95d07224277c06f79cf4'
upstream-commit = '677cba1fa3f3abbd2dfa95d07224277c06f79cf4'
manual-bump = 1
input-fingerprint = 'sha256:ab07001e78aac6dce25196409871cb787b606ceb8e8dad8a9fde3779ea54e463'
resolution-input-hash = 'sha256:466421704711c4fd3c71f0b2ed715a0e61d49e3e26f3a2637fee755795849c8e'
