# Managed by azldev component update. Do not edit manually.
version = 1
import-commit = '4d2ed82726159a264fe01ebc3804d407013f60bf'
upstream-commit = '4d2ed82726159a264fe01ebc3804d407013f60bf'
manual-bump = 2
input-fingerprint = 'sha256:0ebd954ab4af274c7349e1f92dc9674c0b74cd1c64cd9fe0b862ec6c4a68365e'
resolution-input-hash = 'sha256:466421704711c4fd3c71f0b2ed715a0e61d49e3e26f3a2637fee755795849c8e'
