# Managed by azldev component update. Do not edit manually.
version = 1
import-commit = 'a36ae4034519bc973e0f01b28609c9b65a614925'
upstream-commit = 'a36ae4034519bc973e0f01b28609c9b65a614925'
input-fingerprint = 'sha256:5520233ad17b523854cd6514dc9743ffbde1dc00296cce9269acaee99396db4b'
resolution-input-hash = 'sha256:466421704711c4fd3c71f0b2ed715a0e61d49e3e26f3a2637fee755795849c8e'
