# Managed by azldev component update. Do not edit manually.
version = 1
import-commit = 'e59c4de0aad635e6cba770d08a8d464aa97df597'
upstream-commit = 'e59c4de0aad635e6cba770d08a8d464aa97df597'
manual-bump = 2
input-fingerprint = 'sha256:d30eb5fbdc649bc069f65404328323dc0833cfc5b4026b6017311122092fa813'
resolution-input-hash = 'sha256:2f28ab3acf76be3f204b5af6296868e6365fcd5554d51c959e59c14de0a10e87'
