# Managed by azldev component update. Do not edit manually.
version = 1
import-commit = '842c46505e67e098f1b4e4dcb7618bf1da0befa2'
upstream-commit = '842c46505e67e098f1b4e4dcb7618bf1da0befa2'
input-fingerprint = 'sha256:d42477a77a897fca49c27202f6803d437061253aed5949c28a461aee6824901c'
resolution-input-hash = 'sha256:466421704711c4fd3c71f0b2ed715a0e61d49e3e26f3a2637fee755795849c8e'
