# Managed by azldev component update. Do not edit manually.
version = 1
import-commit = '33de60acf5c5cf1a244f5d1817f2a2ea994f4e95'
upstream-commit = '33de60acf5c5cf1a244f5d1817f2a2ea994f4e95'
manual-bump = 1
input-fingerprint = 'sha256:5606969f7af34bdbfe3d939accc749a12e53b2a7f5bd1d1f83c6a31a0d2d4b17'
resolution-input-hash = 'sha256:466421704711c4fd3c71f0b2ed715a0e61d49e3e26f3a2637fee755795849c8e'
