# Managed by azldev component update. Do not edit manually.
version = 1
import-commit = 'f59e21a36e13e3b2cd976322d367e7a9220aeaa1'
upstream-commit = 'f59e21a36e13e3b2cd976322d367e7a9220aeaa1'
manual-bump = 1
input-fingerprint = 'sha256:6a52df30f10885d5c1451b8cbe43916913689e1b5512ab60fe49e2e87e615174'
resolution-input-hash = 'sha256:2f28ab3acf76be3f204b5af6296868e6365fcd5554d51c959e59c14de0a10e87'
