# Managed by azldev component update. Do not edit manually.
version = 1
import-commit = '12da46f77ed54d9bc0005630bbb73795620f6fd2'
upstream-commit = '12da46f77ed54d9bc0005630bbb73795620f6fd2'
manual-bump = 1
input-fingerprint = 'sha256:945b781926c3a746c50b2fc9777b7824450d05364b909ea18f49bcea36f0f3f6'
resolution-input-hash = 'sha256:466421704711c4fd3c71f0b2ed715a0e61d49e3e26f3a2637fee755795849c8e'
