# Managed by azldev component update. Do not edit manually.
version = 1
import-commit = 'aab9877f0c9e76ae5b0b04fd0a7b2bbcf1a94c79'
upstream-commit = 'aab9877f0c9e76ae5b0b04fd0a7b2bbcf1a94c79'
manual-bump = 1
input-fingerprint = 'sha256:051f44465d1565f565aa8b62679c6a99d4f0d22432554c913f0225c2fdddf04b'
resolution-input-hash = 'sha256:466421704711c4fd3c71f0b2ed715a0e61d49e3e26f3a2637fee755795849c8e'
