# Managed by azldev component update. Do not edit manually.
version = 1
import-commit = 'b67f91b4c2040a1b2f5fc6d4378b574b7c7d9e58'
upstream-commit = 'b67f91b4c2040a1b2f5fc6d4378b574b7c7d9e58'
input-fingerprint = 'sha256:2ec02d8ab2f7b84a6f1ba19c10eb9deaaad7fb111c55f1071c54df8070fc0824'
resolution-input-hash = 'sha256:466421704711c4fd3c71f0b2ed715a0e61d49e3e26f3a2637fee755795849c8e'
