# Managed by azldev component update. Do not edit manually.
version = 1
import-commit = '725e65f6c708431a5a334591c53055e050b15d69'
upstream-commit = '725e65f6c708431a5a334591c53055e050b15d69'
manual-bump = 2
input-fingerprint = 'sha256:a9603c4bcad79742b1f30b92a68b664f8f81a3ea490206179bf3172b78728c41'
resolution-input-hash = 'sha256:ee2b4b2a7474232699f7ef1461160019159849dcc0daf2dcff1aabf35416ecec'
