# Managed by azldev component update. Do not edit manually.
version = 1
import-commit = '327fd63a40b2283617124bb274a5c6942a37cdf2'
upstream-commit = '327fd63a40b2283617124bb274a5c6942a37cdf2'
input-fingerprint = 'sha256:f84ecee1a867b411ddcd68776f32a4111c39ce69a25c783633f66f7f012fb2af'
resolution-input-hash = 'sha256:466421704711c4fd3c71f0b2ed715a0e61d49e3e26f3a2637fee755795849c8e'
