# Managed by azldev component update. Do not edit manually.
version = 1
import-commit = '1ce085a0c64ec86069a2986c09c7fca1e3152a35'
upstream-commit = '1ce085a0c64ec86069a2986c09c7fca1e3152a35'
manual-bump = 1
input-fingerprint = 'sha256:386a2e6d4be40d52ecc6e56cb37f0bb813adf0382e251982a775fa9d70540daa'
resolution-input-hash = 'sha256:466421704711c4fd3c71f0b2ed715a0e61d49e3e26f3a2637fee755795849c8e'
