# Managed by azldev component update. Do not edit manually.
version = 1
import-commit = 'bf0938f7fe9f32224dd2c88461a8f417dc963ad4'
upstream-commit = 'bf0938f7fe9f32224dd2c88461a8f417dc963ad4'
manual-bump = 1
input-fingerprint = 'sha256:1a354041116067ebfc7dc194b34c4dfa28f70c96448c33d35cef276dce1c3051'
resolution-input-hash = 'sha256:2f28ab3acf76be3f204b5af6296868e6365fcd5554d51c959e59c14de0a10e87'
