# Managed by azldev component update. Do not edit manually.
version = 1
import-commit = '67be2f4baa6f3c213ceadea39fd14ccf39a2de53'
upstream-commit = 'dde4ad9e8a7f6961e30435ccb0024c4e9f817a51'
manual-bump = 2
input-fingerprint = 'sha256:b74cc69c20ed1ec18bc096c8fc4c89808ba26711d2a16625499e8a0a6d915a7e'
resolution-input-hash = 'sha256:66d62fe619567932490e7a0efe734c3e5a22629c406a9c32f79cd23e7a001011'
