# Managed by azldev component update. Do not edit manually.
version = 1
import-commit = 'fce6892a135ede90a2cd396bf7e46a2e89aa34aa'
upstream-commit = 'fce6892a135ede90a2cd396bf7e46a2e89aa34aa'
manual-bump = 1
input-fingerprint = 'sha256:c772b87dad261df21fa473b6b7dacf5a58a172a533ca7fb1276a599f3b38afc5'
resolution-input-hash = 'sha256:466421704711c4fd3c71f0b2ed715a0e61d49e3e26f3a2637fee755795849c8e'
