# Managed by azldev component update. Do not edit manually.
version = 1
import-commit = 'fce6892a135ede90a2cd396bf7e46a2e89aa34aa'
upstream-commit = 'fce6892a135ede90a2cd396bf7e46a2e89aa34aa'
manual-bump = 2
input-fingerprint = 'sha256:b90ed16ee5e98044851f809315ca477f601b30c5ef0c531eee076b874a55e32d'
resolution-input-hash = 'sha256:2f28ab3acf76be3f204b5af6296868e6365fcd5554d51c959e59c14de0a10e87'
