# Managed by azldev component update. Do not edit manually.
version = 1
import-commit = 'b444a7ce1f98f0026f4be32333596eca3bb6611f'
upstream-commit = 'b444a7ce1f98f0026f4be32333596eca3bb6611f'
input-fingerprint = 'sha256:cc4ef1dbbcc5928aca32c465e68a898485ac438b023d019ffe72a39bec11b037'
resolution-input-hash = 'sha256:466421704711c4fd3c71f0b2ed715a0e61d49e3e26f3a2637fee755795849c8e'
