# Managed by azldev component update. Do not edit manually.
version = 1
import-commit = 'f203fa03ad6169a3176edc1605636f24eca51113'
upstream-commit = 'f203fa03ad6169a3176edc1605636f24eca51113'
manual-bump = 1
input-fingerprint = 'sha256:32543e25050e71e2c32fd1ac913121f4edd62fe0f219aff4acbcbce885b0d3df'
resolution-input-hash = 'sha256:466421704711c4fd3c71f0b2ed715a0e61d49e3e26f3a2637fee755795849c8e'
