# Managed by azldev component update. Do not edit manually.
version = 1
import-commit = '01e80aaf1342e3922a6bdd76203c528c7ddedd09'
upstream-commit = '01e80aaf1342e3922a6bdd76203c528c7ddedd09'
input-fingerprint = 'sha256:5ac04423a43ee1cd0b426281a622ec790b2661707aab4a2cff6b4716c3c32a02'
resolution-input-hash = 'sha256:466421704711c4fd3c71f0b2ed715a0e61d49e3e26f3a2637fee755795849c8e'
