# Managed by azldev component update. Do not edit manually.
version = 1
import-commit = '70011614bf381ee373ee562d6a69c92bb90d8b8a'
upstream-commit = '93261c9b8f6f1151474118ba9dcafc763cb243d3'
manual-bump = 2
input-fingerprint = 'sha256:3c419957c54885517ae18483e819eb628a17ea4466352d68df605adb0f10df29'
resolution-input-hash = 'sha256:ee2b4b2a7474232699f7ef1461160019159849dcc0daf2dcff1aabf35416ecec'
