# Managed by azldev component update. Do not edit manually.
version = 1
import-commit = 'ee029cdd60f65e1c7389705d5ad278fc09f49d17'
upstream-commit = 'ee029cdd60f65e1c7389705d5ad278fc09f49d17'
manual-bump = 1
input-fingerprint = 'sha256:af179ccd8144ba6664da73aab1569656a5ad9d0eacd570bd95bb6dc18c998f73'
resolution-input-hash = 'sha256:466421704711c4fd3c71f0b2ed715a0e61d49e3e26f3a2637fee755795849c8e'
