# Managed by azldev component update. Do not edit manually.
version = 1
import-commit = 'ee029cdd60f65e1c7389705d5ad278fc09f49d17'
upstream-commit = 'ee029cdd60f65e1c7389705d5ad278fc09f49d17'
input-fingerprint = 'sha256:63169ee11ca3bb2604a3eada69b828117c2a8d564d301021cf639027788825a2'
resolution-input-hash = 'sha256:466421704711c4fd3c71f0b2ed715a0e61d49e3e26f3a2637fee755795849c8e'
