# Managed by azldev component update. Do not edit manually.
version = 1
import-commit = 'aff50f7ce3870aa422fdab923f5ec156d5501124'
upstream-commit = 'aff50f7ce3870aa422fdab923f5ec156d5501124'
manual-bump = 1
input-fingerprint = 'sha256:8a5f3f18ffd603ab3a827676c108bed574d5aabe1df5edee0c0b2a954a0a8a48'
resolution-input-hash = 'sha256:2f28ab3acf76be3f204b5af6296868e6365fcd5554d51c959e59c14de0a10e87'
