# Managed by azldev component update. Do not edit manually.
version = 1
import-commit = '86b5437a14ab703e63486fa5d5a85ee7b41c875d'
upstream-commit = '86b5437a14ab703e63486fa5d5a85ee7b41c875d'
input-fingerprint = 'sha256:0f2043d40611272b0d90ec582c2d723a0fdca2467455b1df8181a31afb61325c'
resolution-input-hash = 'sha256:466421704711c4fd3c71f0b2ed715a0e61d49e3e26f3a2637fee755795849c8e'
