# Managed by azldev component update. Do not edit manually.
version = 1
import-commit = 'cec53cafe4de4a721f149ff662cf85dc1f6cd7a7'
upstream-commit = 'cec53cafe4de4a721f149ff662cf85dc1f6cd7a7'
manual-bump = 1
input-fingerprint = 'sha256:dec83cc4eb78b39f84c68614e74839587917e03a4e461634a2dd02430717c4b1'
resolution-input-hash = 'sha256:2f28ab3acf76be3f204b5af6296868e6365fcd5554d51c959e59c14de0a10e87'
