# Managed by azldev component update. Do not edit manually.
version = 1
import-commit = '338f831029fbb0676f9cbce616e04eacfb17e1ee'
upstream-commit = '338f831029fbb0676f9cbce616e04eacfb17e1ee'
input-fingerprint = 'sha256:243da35058dbd8d7e63f5e18cb55f17f7527990140d3cc8920ff9b7eea2bbdbe'
resolution-input-hash = 'sha256:466421704711c4fd3c71f0b2ed715a0e61d49e3e26f3a2637fee755795849c8e'
