# Managed by azldev component update. Do not edit manually.
version = 1
import-commit = '5dabce830e603754d63f9d64b629d15725484ff1'
upstream-commit = '5dabce830e603754d63f9d64b629d15725484ff1'
input-fingerprint = 'sha256:a6fe6ab8fc0d6ab3c40ecac5bb35d6a9acaa7320a3394fa630111046f7770667'
resolution-input-hash = 'sha256:466421704711c4fd3c71f0b2ed715a0e61d49e3e26f3a2637fee755795849c8e'
