# Managed by azldev component update. Do not edit manually.
version = 1
import-commit = 'b02a50b91d8b18f781da2d0fde5da56348a91543'
upstream-commit = 'b02a50b91d8b18f781da2d0fde5da56348a91543'
input-fingerprint = 'sha256:970185f0952cd10f14e9e499ac2d33cf9e6a4185eaf1dc50cd2e3dda45f98ec0'
resolution-input-hash = 'sha256:466421704711c4fd3c71f0b2ed715a0e61d49e3e26f3a2637fee755795849c8e'
