# Managed by azldev component update. Do not edit manually.
version = 1
import-commit = '0f7e0a5bf9bd14eac1ce5dc7241c9886bebb62fb'
upstream-commit = '27297ed3bb4ab300b100e1482ee227fee124120a'
manual-bump = 2
input-fingerprint = 'sha256:844ce9cd88c53f29411a695d2a708842b5ab0917d0e49eadeeccd76d74cc63c9'
resolution-input-hash = 'sha256:2f28ab3acf76be3f204b5af6296868e6365fcd5554d51c959e59c14de0a10e87'
