# Managed by azldev component update. Do not edit manually.
version = 1
import-commit = 'd550ece48d4978a31ca44beff655d66b6d0a1c23'
upstream-commit = 'd550ece48d4978a31ca44beff655d66b6d0a1c23'
manual-bump = 1
input-fingerprint = 'sha256:da5fe26a6be12acd45056fbabc03ef8f0f666210f21341c77fcdebda922cb63f'
resolution-input-hash = 'sha256:466421704711c4fd3c71f0b2ed715a0e61d49e3e26f3a2637fee755795849c8e'
