# Managed by azldev component update. Do not edit manually.
version = 1
import-commit = 'a246405ae232c003f49f8183836051c1364d8c91'
upstream-commit = 'a246405ae232c003f49f8183836051c1364d8c91'
manual-bump = 2
input-fingerprint = 'sha256:1427cd451d7956b31b6e16e140eea58070600b39adace3507e85f9d62ee499f5'
resolution-input-hash = 'sha256:466421704711c4fd3c71f0b2ed715a0e61d49e3e26f3a2637fee755795849c8e'
