# Managed by azldev component update. Do not edit manually.
version = 1
import-commit = 'a53efee7080c3956b82e3e1d77e31fc2feb38390'
upstream-commit = 'a53efee7080c3956b82e3e1d77e31fc2feb38390'
manual-bump = 2
input-fingerprint = 'sha256:7b5ba89908e266ce1e2620018e9a8cc4ffe606255df712f0a7ca2816b81089f7'
resolution-input-hash = 'sha256:2f28ab3acf76be3f204b5af6296868e6365fcd5554d51c959e59c14de0a10e87'
