# Managed by azldev component update. Do not edit manually.
version = 1
import-commit = '43506fa4c1ff42eba83114493c50ce7afeffcfb4'
upstream-commit = '43506fa4c1ff42eba83114493c50ce7afeffcfb4'
manual-bump = 1
input-fingerprint = 'sha256:89f167186418b5be2b668478575ee4b145ed9124cebbebc9cd4dfa224cf22767'
resolution-input-hash = 'sha256:2f28ab3acf76be3f204b5af6296868e6365fcd5554d51c959e59c14de0a10e87'
