# Managed by azldev component update. Do not edit manually.
version = 1
import-commit = '182b677bf51aaf53036f3822a2ca139a3ddb7d10'
upstream-commit = '182b677bf51aaf53036f3822a2ca139a3ddb7d10'
manual-bump = 1
input-fingerprint = 'sha256:ed2af1c59366e1ffc143eb7ce59bce0cc668c575aefe3c379a78ef9d0306fde0'
resolution-input-hash = 'sha256:2f28ab3acf76be3f204b5af6296868e6365fcd5554d51c959e59c14de0a10e87'
