# Managed by azldev component update. Do not edit manually.
version = 1
import-commit = '909f820d776bf54bb74d6b5f244386d71acc6fbf'
upstream-commit = '909f820d776bf54bb74d6b5f244386d71acc6fbf'
manual-bump = 2
input-fingerprint = 'sha256:da53d0909ba20941da0098e10bc92ebd607c02ab3019b86a9316dc9fbe4f2943'
resolution-input-hash = 'sha256:466421704711c4fd3c71f0b2ed715a0e61d49e3e26f3a2637fee755795849c8e'
