# Managed by azldev component update. Do not edit manually.
version = 1
import-commit = '0514f35d5e32106afa0aab1aee9243d78d5b473e'
upstream-commit = '0514f35d5e32106afa0aab1aee9243d78d5b473e'
manual-bump = 1
input-fingerprint = 'sha256:bdf626a9e04356245ace5ca05ab534192db9aeac21cc8aec7b937dbd5145aab9'
resolution-input-hash = 'sha256:2f28ab3acf76be3f204b5af6296868e6365fcd5554d51c959e59c14de0a10e87'
