# Managed by azldev component update. Do not edit manually.
version = 1
import-commit = 'e5c8d129875923a2730da742f3ad795095752620'
upstream-commit = 'e5c8d129875923a2730da742f3ad795095752620'
manual-bump = 2
input-fingerprint = 'sha256:b9466f3ef11ba1684293e5912d418bb5e88221b5e10c2888063702f1f229cb86'
resolution-input-hash = 'sha256:ee2b4b2a7474232699f7ef1461160019159849dcc0daf2dcff1aabf35416ecec'
