# Managed by azldev component update. Do not edit manually.
version = 1
import-commit = '077e488f9bb1deb2b22b5b6e98a2d78772076a92'
upstream-commit = '077e488f9bb1deb2b22b5b6e98a2d78772076a92'
manual-bump = 2
input-fingerprint = 'sha256:6a39a468d4897f08bda8578fe8f0e2244fca4d59d5d8ef8106fb4218424e1c38'
resolution-input-hash = 'sha256:466421704711c4fd3c71f0b2ed715a0e61d49e3e26f3a2637fee755795849c8e'
