# Managed by azldev component update. Do not edit manually.
version = 1
import-commit = '2f921883c7532cb03e4e489b83a91080f7b1e351'
upstream-commit = '2f921883c7532cb03e4e489b83a91080f7b1e351'
input-fingerprint = 'sha256:c59fa0e14270453050d457e2929315e30d393ffe252cb0c23a7712a10386ecf1'
resolution-input-hash = 'sha256:466421704711c4fd3c71f0b2ed715a0e61d49e3e26f3a2637fee755795849c8e'
