# Managed by azldev component update. Do not edit manually.
version = 1
import-commit = 'cb12e95731212ee9649bbb49fd8d7f79be842d5c'
upstream-commit = 'cb12e95731212ee9649bbb49fd8d7f79be842d5c'
input-fingerprint = 'sha256:b4104faed4c0287d3b72f7527b203a713cfdb8cbfc25c90da850e4a931471786'
resolution-input-hash = 'sha256:466421704711c4fd3c71f0b2ed715a0e61d49e3e26f3a2637fee755795849c8e'
