# Managed by azldev component update. Do not edit manually.
version = 1
import-commit = '1ce6ee59b2636d5f20ab92ea99bc942a39ccdd8f'
upstream-commit = '1ce6ee59b2636d5f20ab92ea99bc942a39ccdd8f'
input-fingerprint = 'sha256:18b820576c9f7c7506b227be15286d3f24ed8ae6e717a00e5101018cdc70d3bb'
resolution-input-hash = 'sha256:466421704711c4fd3c71f0b2ed715a0e61d49e3e26f3a2637fee755795849c8e'
