# Managed by azldev component update. Do not edit manually.
version = 1
import-commit = 'bd0e08baf319f6234a21ee8af2f518bd4b4d2179'
upstream-commit = 'bd0e08baf319f6234a21ee8af2f518bd4b4d2179'
manual-bump = 2
input-fingerprint = 'sha256:34f34793535b6c8c7c97f4f7665d94757ff9a7add8a62e7cf5db007d613a56fd'
resolution-input-hash = 'sha256:2f28ab3acf76be3f204b5af6296868e6365fcd5554d51c959e59c14de0a10e87'
