# Managed by azldev component update. Do not edit manually.
version = 1
import-commit = 'f134cb61c8075a10c1865c8c42113411610f3a91'
upstream-commit = 'f134cb61c8075a10c1865c8c42113411610f3a91'
manual-bump = 1
input-fingerprint = 'sha256:9cf1197d9945899bbdadda8efc36f16b5c751da1222f7e8defd64372d8c68fc7'
resolution-input-hash = 'sha256:2f28ab3acf76be3f204b5af6296868e6365fcd5554d51c959e59c14de0a10e87'
