# Managed by azldev component update. Do not edit manually.
version = 1
import-commit = 'fd481ddfc7f622da6f75953bf0d56b6df0516895'
upstream-commit = 'fd481ddfc7f622da6f75953bf0d56b6df0516895'
input-fingerprint = 'sha256:ec47af06edcc8bcbe4b942a057efaf7158fe6982ceb33cd25baf12c2c7d44292'
resolution-input-hash = 'sha256:466421704711c4fd3c71f0b2ed715a0e61d49e3e26f3a2637fee755795849c8e'
