# Managed by azldev component update. Do not edit manually.
version = 1
import-commit = 'be2d4e00c2d051455b4f566ecb0e4b2b7deadc33'
upstream-commit = 'be2d4e00c2d051455b4f566ecb0e4b2b7deadc33'
manual-bump = 2
input-fingerprint = 'sha256:bb45295d1483b7dd6869f77a040cf7243a3edcf91f11c8337bd2259142898736'
resolution-input-hash = 'sha256:466421704711c4fd3c71f0b2ed715a0e61d49e3e26f3a2637fee755795849c8e'
