# Managed by azldev component update. Do not edit manually.
version = 1
import-commit = 'c71861563cb529f8f1b4ba075f6f3f0800b0df48'
upstream-commit = 'c71861563cb529f8f1b4ba075f6f3f0800b0df48'
manual-bump = 2
input-fingerprint = 'sha256:b21ca86d7bfe47d172604598e111ec80dc07b28226351c533bdeeebd1bb2ed1e'
resolution-input-hash = 'sha256:ee2b4b2a7474232699f7ef1461160019159849dcc0daf2dcff1aabf35416ecec'
