# Managed by azldev component update. Do not edit manually.
version = 1
import-commit = '889a437b83cc52a694327c25b567a450b4eca89e'
upstream-commit = '889a437b83cc52a694327c25b567a450b4eca89e'
manual-bump = 1
input-fingerprint = 'sha256:e04a25949ec7af8f72fa72346758ba479fed81768e3433c7b7a008c38745a197'
resolution-input-hash = 'sha256:2f28ab3acf76be3f204b5af6296868e6365fcd5554d51c959e59c14de0a10e87'
