# Managed by azldev component update. Do not edit manually.
version = 1
import-commit = 'efcafb9333e87560c02187c4c47a9f5e7430ddad'
upstream-commit = 'efcafb9333e87560c02187c4c47a9f5e7430ddad'
input-fingerprint = 'sha256:2ad22522183f1b7be453be1c08f2fca222c21bdefd0cac77d9e22e6e3977b602'
resolution-input-hash = 'sha256:466421704711c4fd3c71f0b2ed715a0e61d49e3e26f3a2637fee755795849c8e'
