# Managed by azldev component update. Do not edit manually.
version = 1
import-commit = 'd4938a6c237b481729cd24256038f5f59b76fa6d'
upstream-commit = 'd4938a6c237b481729cd24256038f5f59b76fa6d'
input-fingerprint = 'sha256:806b384b1857d0a284f0ea94304394d0c4641bc44aade8911de802c5b23cc044'
resolution-input-hash = 'sha256:466421704711c4fd3c71f0b2ed715a0e61d49e3e26f3a2637fee755795849c8e'
