# Managed by azldev component update. Do not edit manually.
version = 1
import-commit = 'efa0199e994a1159b0a884353dc43cd9bd47535d'
upstream-commit = 'efa0199e994a1159b0a884353dc43cd9bd47535d'
manual-bump = 1
input-fingerprint = 'sha256:ad91c0fbc8802011cb3620a4a56736fd603b879fda003a222ce6d3ea93c3e229'
resolution-input-hash = 'sha256:466421704711c4fd3c71f0b2ed715a0e61d49e3e26f3a2637fee755795849c8e'
