# Managed by azldev component update. Do not edit manually.
version = 1
import-commit = '142b42633034e0bf79d5d35511eedfca5b82f95c'
upstream-commit = '142b42633034e0bf79d5d35511eedfca5b82f95c'
manual-bump = 1
input-fingerprint = 'sha256:23db5a1e588a8841a6c9896205fa9b5149fec84360501ec93a22e29c4c43c4d2'
resolution-input-hash = 'sha256:466421704711c4fd3c71f0b2ed715a0e61d49e3e26f3a2637fee755795849c8e'
