# Managed by azldev component update. Do not edit manually.
version = 1
import-commit = 'd396a05717c7decb2979d2b8a4dfbb9b3385871d'
upstream-commit = '1b2f756b1aab63d9875468a24218442565b9c18b'
manual-bump = 1
input-fingerprint = 'sha256:4ec1e22bc551c8fb009eba924c6d1aacc8d8f10c6bfa67cb729cc4db44b9cb27'
resolution-input-hash = 'sha256:2f28ab3acf76be3f204b5af6296868e6365fcd5554d51c959e59c14de0a10e87'
