# Managed by azldev component update. Do not edit manually.
version = 1
import-commit = '05f6a8020023039899171ead08995e4010fd3b15'
upstream-commit = 'ed7b2590e3683d4238dbcc619386104c447437b1'
manual-bump = 2
input-fingerprint = 'sha256:f9487cda6efa25ad9a1d56941270bd444d3a611da492954d135fde36c6efabdf'
resolution-input-hash = 'sha256:66d62fe619567932490e7a0efe734c3e5a22629c406a9c32f79cd23e7a001011'
