# Managed by azldev component update. Do not edit manually.
version = 1
import-commit = '8285675a875015e339748a0b07190837e067117c'
upstream-commit = '8285675a875015e339748a0b07190837e067117c'
manual-bump = 1
input-fingerprint = 'sha256:bdf45d3103826d22b07f4f47f507445c7e40506b8db0dbdc50811e5b88fa23ef'
resolution-input-hash = 'sha256:2f28ab3acf76be3f204b5af6296868e6365fcd5554d51c959e59c14de0a10e87'
