# Managed by azldev component update. Do not edit manually.
version = 1
import-commit = 'f1480677cd1b02ec6d725695c6af0112ef17585f'
upstream-commit = 'f1480677cd1b02ec6d725695c6af0112ef17585f'
manual-bump = 2
input-fingerprint = 'sha256:d8b5d87c72a9a26ffe861d6d7da2377a944e0f2d94bdf514d989b8c041505fe1'
resolution-input-hash = 'sha256:2f28ab3acf76be3f204b5af6296868e6365fcd5554d51c959e59c14de0a10e87'
