# Managed by azldev component update. Do not edit manually.
version = 1
import-commit = 'ee1df0afa9985373672b7bf1969e1dee1083556e'
upstream-commit = 'ee1df0afa9985373672b7bf1969e1dee1083556e'
input-fingerprint = 'sha256:12b33aa9df2f1f4f9c6e48b75169e34caf59c16e6485f5d70a73995ab25b2ae3'
resolution-input-hash = 'sha256:466421704711c4fd3c71f0b2ed715a0e61d49e3e26f3a2637fee755795849c8e'
