# Managed by azldev component update. Do not edit manually.
version = 1
import-commit = '0bc2f7e8784971ff4f4e94605da6efbff9e24d0f'
upstream-commit = '0bc2f7e8784971ff4f4e94605da6efbff9e24d0f'
manual-bump = 2
input-fingerprint = 'sha256:6ead94d072d3fc64ba78893a9dcf4dc30bb5162ad7b483bceb1c814e5b1394a4'
resolution-input-hash = 'sha256:2f28ab3acf76be3f204b5af6296868e6365fcd5554d51c959e59c14de0a10e87'
