# Managed by azldev component update. Do not edit manually.
version = 1
import-commit = 'bbe8f994c396d5633187f3d34c68d438c8c0eb9d'
upstream-commit = 'bbe8f994c396d5633187f3d34c68d438c8c0eb9d'
input-fingerprint = 'sha256:ed89fe171cb43da9d4a5ed92abb94c3c63ad57e7136f914b2a438cd27a7e2e7a'
resolution-input-hash = 'sha256:466421704711c4fd3c71f0b2ed715a0e61d49e3e26f3a2637fee755795849c8e'
