# Managed by azldev component update. Do not edit manually.
version = 1
import-commit = '40ddb4045be218f2340d070ef7dcf38d117ac541'
upstream-commit = '40ddb4045be218f2340d070ef7dcf38d117ac541'
input-fingerprint = 'sha256:60daded095dad055ddede08d09ba4578cea1aee682190a727cda319a3f6ce8c1'
resolution-input-hash = 'sha256:466421704711c4fd3c71f0b2ed715a0e61d49e3e26f3a2637fee755795849c8e'
