# Managed by azldev component update. Do not edit manually.
version = 1
import-commit = '283c26adff0f5715f006ea12b152c62ed469fe09'
upstream-commit = '283c26adff0f5715f006ea12b152c62ed469fe09'
manual-bump = 1
input-fingerprint = 'sha256:62e19db2a6a105ffc88830de9ef9898b375b99d0217f0d065813f50d1817c88c'
resolution-input-hash = 'sha256:466421704711c4fd3c71f0b2ed715a0e61d49e3e26f3a2637fee755795849c8e'
