# Managed by azldev component update. Do not edit manually.
version = 1
import-commit = '58e415913806436e12e66b7fc839115884785ec7'
upstream-commit = '58e415913806436e12e66b7fc839115884785ec7'
input-fingerprint = 'sha256:2bd6487df7be22bda6705a1dc20ae4f2b375bae1100f9367bd17fe6c36e6c8bb'
resolution-input-hash = 'sha256:466421704711c4fd3c71f0b2ed715a0e61d49e3e26f3a2637fee755795849c8e'
