# Managed by azldev component update. Do not edit manually.
version = 1
import-commit = 'e10482d0898d2d6ed7b94683f48b678a4179ca67'
upstream-commit = 'e10482d0898d2d6ed7b94683f48b678a4179ca67'
input-fingerprint = 'sha256:c93d2b7d69088c5d7c59fbc5d1773d8e2546490dff912a45f934e4f1745fb247'
resolution-input-hash = 'sha256:466421704711c4fd3c71f0b2ed715a0e61d49e3e26f3a2637fee755795849c8e'
