# Managed by azldev component update. Do not edit manually.
version = 1
import-commit = '24f4756b0172c1c953a1be81df830f13bb908811'
upstream-commit = '24f4756b0172c1c953a1be81df830f13bb908811'
input-fingerprint = 'sha256:0de1bd4e37d7e4549571f9972ebf53ee9abfca544930a619570c9dbfb8dad06c'
resolution-input-hash = 'sha256:466421704711c4fd3c71f0b2ed715a0e61d49e3e26f3a2637fee755795849c8e'
