# Managed by azldev component update. Do not edit manually.
version = 1
import-commit = '73cb2646016eadb3bd2f80df4c96e7c16a2e4c63'
upstream-commit = '73cb2646016eadb3bd2f80df4c96e7c16a2e4c63'
manual-bump = 2
input-fingerprint = 'sha256:b597dbef482af7fd2d8bcfbe14644ae330fd1176a33bc00d6afd7723c4225462'
resolution-input-hash = 'sha256:2f28ab3acf76be3f204b5af6296868e6365fcd5554d51c959e59c14de0a10e87'
