# Managed by azldev component update. Do not edit manually.
version = 1
import-commit = 'd104d628bfeba40c1f47feaed8ac197a311a5a07'
upstream-commit = 'd104d628bfeba40c1f47feaed8ac197a311a5a07'
manual-bump = 2
input-fingerprint = 'sha256:2870545a12ecab11487f1d8029d34bb0cb04fe6c73fe357be3011d5e25344b7e'
resolution-input-hash = 'sha256:466421704711c4fd3c71f0b2ed715a0e61d49e3e26f3a2637fee755795849c8e'
