# Managed by azldev component update. Do not edit manually.
version = 1
import-commit = '4266118b7ddb4c438ea4803992bdfd3a81084829'
upstream-commit = 'f3d13019f18cf7b40f77e85d31ece96a5ac72941'
manual-bump = 2
input-fingerprint = 'sha256:685a6b6e5897a06d5a8aca4f0174e7eec4963845ada578427b88c010a44d1577'
resolution-input-hash = 'sha256:66d62fe619567932490e7a0efe734c3e5a22629c406a9c32f79cd23e7a001011'
