# Managed by azldev component update. Do not edit manually.
version = 1
import-commit = 'bfa4c2d6c0bd39052e5f82a13e36f24c2bdbc58e'
upstream-commit = 'bfa4c2d6c0bd39052e5f82a13e36f24c2bdbc58e'
manual-bump = 1
input-fingerprint = 'sha256:5ac9429289e97ff620fad200c354eb5809664d3e9a43038bde22c3d7e45b267b'
resolution-input-hash = 'sha256:466421704711c4fd3c71f0b2ed715a0e61d49e3e26f3a2637fee755795849c8e'
