# Managed by azldev component update. Do not edit manually.
version = 1
import-commit = 'c06e3a3cdb491af7adac2e3dfc7e1c74caaa54bf'
upstream-commit = 'a3587dd6f01d87de6f40b56e9073cec536c89f06'
manual-bump = 2
input-fingerprint = 'sha256:e9a385fe847a79731bb615456e0f39ef31d2d925cca8b9a6f0ee26cd25ff9f3a'
resolution-input-hash = 'sha256:66d62fe619567932490e7a0efe734c3e5a22629c406a9c32f79cd23e7a001011'
