# Managed by azldev component update. Do not edit manually.
version = 1
import-commit = '42e76a1e6c00a109df8ae1576fa02c7e4bf03bde'
upstream-commit = '42e76a1e6c00a109df8ae1576fa02c7e4bf03bde'
input-fingerprint = 'sha256:c0e5397e3e81fa7bbcb3c21c5e33de7f2221a5b2f5b204c781e1920263cd5713'
resolution-input-hash = 'sha256:466421704711c4fd3c71f0b2ed715a0e61d49e3e26f3a2637fee755795849c8e'
