# Managed by azldev component update. Do not edit manually.
version = 1
import-commit = '4c7421cb3c40814f20aa764be6fc07ab7c66e783'
upstream-commit = '278eb3fa417bf138a1cb9c618c718b6b68fe139c'
manual-bump = 2
input-fingerprint = 'sha256:d39a4ddda5af600097dff4c663f9363e827dd4e20c85fdef41070fa370b5df3a'
resolution-input-hash = 'sha256:ee2b4b2a7474232699f7ef1461160019159849dcc0daf2dcff1aabf35416ecec'
