# Managed by azldev component update. Do not edit manually.
version = 1
import-commit = 'd4c499bd2f02a3390eb7b80eb22639b3a3a11cba'
upstream-commit = '12f5b79b75200b60ae8928802732eb4dbc080152'
manual-bump = 2
input-fingerprint = 'sha256:8224f70996d487bb991cfc64f4c226087a015495c25a7f481d115a174e3bca92'
resolution-input-hash = 'sha256:66d62fe619567932490e7a0efe734c3e5a22629c406a9c32f79cd23e7a001011'
