# Managed by azldev component update. Do not edit manually.
version = 1
import-commit = '216127164ca76e515b11f953e235f4f5b9e2dc82'
upstream-commit = '216127164ca76e515b11f953e235f4f5b9e2dc82'
manual-bump = 2
input-fingerprint = 'sha256:ad9feef9f3a65032f3a773b3c81226a33c023c2d5d6380b4635633e72e029a69'
resolution-input-hash = 'sha256:466421704711c4fd3c71f0b2ed715a0e61d49e3e26f3a2637fee755795849c8e'
