# Managed by azldev component update. Do not edit manually.
version = 1
import-commit = '38921c822443369100b1e62dd7a8549fced9f020'
upstream-commit = '38921c822443369100b1e62dd7a8549fced9f020'
manual-bump = 1
input-fingerprint = 'sha256:16025d1c05bf7bde0dc328527ba79dbccee80744adae824476034c7df13deb13'
resolution-input-hash = 'sha256:2f28ab3acf76be3f204b5af6296868e6365fcd5554d51c959e59c14de0a10e87'
