# Managed by azldev component update. Do not edit manually.
version = 1
import-commit = '38178c6efd0f101a49d5c1578b552c6def957e8e'
upstream-commit = '38178c6efd0f101a49d5c1578b552c6def957e8e'
manual-bump = 1
input-fingerprint = 'sha256:d9a9d1c8939144f259a96842d178731cb8f428830d79b2f85570e560dee89224'
resolution-input-hash = 'sha256:2f28ab3acf76be3f204b5af6296868e6365fcd5554d51c959e59c14de0a10e87'
