# Managed by azldev component update. Do not edit manually.
version = 1
import-commit = 'e4b2be0ec044207a1d55968de443e440af53847a'
upstream-commit = '735a169f3d258da06da855f411314deac4a191bc'
manual-bump = 2
input-fingerprint = 'sha256:ae039fa6b95abdfce1d0bac3cd01d6e31e345e80bc181b6d44dccdb2fc58e94c'
resolution-input-hash = 'sha256:66d62fe619567932490e7a0efe734c3e5a22629c406a9c32f79cd23e7a001011'
