# Managed by azldev component update. Do not edit manually.
version = 1
import-commit = '4d2d6f614326df292f322bdbda50a85f8c17c7fd'
upstream-commit = '4d2d6f614326df292f322bdbda50a85f8c17c7fd'
manual-bump = 2
input-fingerprint = 'sha256:621125e10732c21403a5114ae784e6c145a853233ecffcad8baa2c8b18ae73db'
resolution-input-hash = 'sha256:ee2b4b2a7474232699f7ef1461160019159849dcc0daf2dcff1aabf35416ecec'
