# Managed by azldev component update. Do not edit manually.
version = 1
import-commit = 'c7647311d37f412c610a3b853de47c2f0b3ff241'
upstream-commit = 'c7647311d37f412c610a3b853de47c2f0b3ff241'
manual-bump = 1
input-fingerprint = 'sha256:db7c9f4b351313b0f14cd06b6ea9b9d73f465f7bdd6dc1f2149a55c80af7307d'
resolution-input-hash = 'sha256:466421704711c4fd3c71f0b2ed715a0e61d49e3e26f3a2637fee755795849c8e'
