# Managed by azldev component update. Do not edit manually.
version = 1
import-commit = 'b765fae39e99d02636e3d38886963fb3352d7736'
upstream-commit = 'b765fae39e99d02636e3d38886963fb3352d7736'
input-fingerprint = 'sha256:9a5f7874ec7b415140413b251175b52029c4f54446d8982cba3811db507b0576'
resolution-input-hash = 'sha256:466421704711c4fd3c71f0b2ed715a0e61d49e3e26f3a2637fee755795849c8e'
