# Managed by azldev component update. Do not edit manually.
version = 1
import-commit = '3890e843fa37b6c3154d5118bfb20fea240b4b5b'
upstream-commit = '3890e843fa37b6c3154d5118bfb20fea240b4b5b'
input-fingerprint = 'sha256:8c11a5fd7469d31f26c809916eae98ea1e54f7aad317edc14814cca663bf4be5'
resolution-input-hash = 'sha256:466421704711c4fd3c71f0b2ed715a0e61d49e3e26f3a2637fee755795849c8e'
