# Managed by azldev component update. Do not edit manually.
version = 1
import-commit = 'd936cccc658cd588158aef285009e9faa35c14b4'
upstream-commit = 'd936cccc658cd588158aef285009e9faa35c14b4'
input-fingerprint = 'sha256:8113c60738c47741dc324143beecbc9a9423854736d31664d3c70d435aa8dbe2'
resolution-input-hash = 'sha256:466421704711c4fd3c71f0b2ed715a0e61d49e3e26f3a2637fee755795849c8e'
