# Managed by azldev component update. Do not edit manually.
version = 1
import-commit = '6205e3e0713229447c7c61e815458f54e4b4a832'
upstream-commit = '6205e3e0713229447c7c61e815458f54e4b4a832'
manual-bump = 1
input-fingerprint = 'sha256:aacaab6ab86b69d4d1afd7610ec10ed66d357d0d106acff43b98a71b606b8096'
resolution-input-hash = 'sha256:466421704711c4fd3c71f0b2ed715a0e61d49e3e26f3a2637fee755795849c8e'
