# Managed by azldev component update. Do not edit manually.
version = 1
import-commit = '1c6c4a5cc7dd9ceb4d1c39c6ab765e1b3993b2f7'
upstream-commit = '1c6c4a5cc7dd9ceb4d1c39c6ab765e1b3993b2f7'
manual-bump = 1
input-fingerprint = 'sha256:0a525139afdcc5ebcd3ffc46774b173412313ff953e4487de8ef86c4bcbc5c0c'
resolution-input-hash = 'sha256:2f28ab3acf76be3f204b5af6296868e6365fcd5554d51c959e59c14de0a10e87'
