# Managed by azldev component update. Do not edit manually.
version = 1
import-commit = 'e50a4df3f12ccc90cb19c679c967275f0f5e4eae'
upstream-commit = '3ae41ad917ca02fc7008b3b6b7eccec92e8db1a3'
manual-bump = 1
input-fingerprint = 'sha256:e9b613c1344ad863e09aed980322fb892bee16db02eaffc055a239533e35b4f7'
resolution-input-hash = 'sha256:2f28ab3acf76be3f204b5af6296868e6365fcd5554d51c959e59c14de0a10e87'
