# Managed by azldev component update. Do not edit manually.
version = 1
import-commit = '191dab78821dac28444c66d023f59a66e7e84ae3'
upstream-commit = '8db599ee140bd16957d7886a26d7bbe908531d15'
manual-bump = 1
input-fingerprint = 'sha256:e3c9d24a64641dbdd129b2fe9d2ba232099b9e782f602ccf0239160cc4ccb821'
resolution-input-hash = 'sha256:52cb9c080ceddb28e0f0811a2c7b302e2a5e8c5a4d82c844e5fb5565d3f0b921'
