# Managed by azldev component update. Do not edit manually.
version = 1
import-commit = 'babc194e9cd381615a22722a9e70b0317179ff77'
upstream-commit = 'babc194e9cd381615a22722a9e70b0317179ff77'
manual-bump = 1
input-fingerprint = 'sha256:ee7909ab136fda13fd99ace7523ad6942dcbe4dc534734398c864c59e93a0cfb'
resolution-input-hash = 'sha256:2f28ab3acf76be3f204b5af6296868e6365fcd5554d51c959e59c14de0a10e87'
