# Managed by azldev component update. Do not edit manually.
version = 1
import-commit = '4750b979e49ebf6834587ece6e90e9a883202270'
upstream-commit = '4750b979e49ebf6834587ece6e90e9a883202270'
input-fingerprint = 'sha256:3513c6e68c11434c0b759253fb80cdd9cd06a7c4750293761a9040f25b01ae1d'
resolution-input-hash = 'sha256:466421704711c4fd3c71f0b2ed715a0e61d49e3e26f3a2637fee755795849c8e'
