# Managed by azldev component update. Do not edit manually.
version = 1
import-commit = '7ac770ff2b4520580019c3818dbcd62e4330c8e0'
upstream-commit = '7ac770ff2b4520580019c3818dbcd62e4330c8e0'
input-fingerprint = 'sha256:a23b10e1f8891aff1c162da8223cc744704e94d221d72872dac4701272ac9135'
resolution-input-hash = 'sha256:466421704711c4fd3c71f0b2ed715a0e61d49e3e26f3a2637fee755795849c8e'
