# Managed by azldev component update. Do not edit manually.
version = 1
import-commit = '2da930a487fd2835fa1db4bd6cc482b2c9c00826'
upstream-commit = '2da930a487fd2835fa1db4bd6cc482b2c9c00826'
manual-bump = 2
input-fingerprint = 'sha256:c612a3e8067795dafb702df9f8dd71f298e2cb35a8e2d6b2beaafc063929d3bf'
resolution-input-hash = 'sha256:2f28ab3acf76be3f204b5af6296868e6365fcd5554d51c959e59c14de0a10e87'
