# Managed by azldev component update. Do not edit manually.
version = 1
import-commit = '6a79f46a8ebe421bdea2d4e169713944e8e55bdb'
upstream-commit = '6a79f46a8ebe421bdea2d4e169713944e8e55bdb'
manual-bump = 2
input-fingerprint = 'sha256:9ce4ac1272648c58f82429628a0428c2794822fb89b1f83bf8ca6f81bc0d5bb6'
resolution-input-hash = 'sha256:2f28ab3acf76be3f204b5af6296868e6365fcd5554d51c959e59c14de0a10e87'
