# Managed by azldev component update. Do not edit manually.
version = 1
import-commit = '5874d1dedca81296a313b813c20493d18e557bcb'
upstream-commit = '5874d1dedca81296a313b813c20493d18e557bcb'
manual-bump = 2
input-fingerprint = 'sha256:c76a4748a3c95b9af62df7ee386442c6d9ed6756e76cbdfd592f9ef1467e5dcc'
resolution-input-hash = 'sha256:2f28ab3acf76be3f204b5af6296868e6365fcd5554d51c959e59c14de0a10e87'
