# Managed by azldev component update. Do not edit manually.
version = 1
import-commit = 'fe51a1b58784ead4043aeff97032eaee4556db82'
upstream-commit = 'fe51a1b58784ead4043aeff97032eaee4556db82'
manual-bump = 1
input-fingerprint = 'sha256:fe34a0301214202bf0355aa8851e16c9fbebef457525b5772945c08707a1daf7'
resolution-input-hash = 'sha256:466421704711c4fd3c71f0b2ed715a0e61d49e3e26f3a2637fee755795849c8e'
