# Managed by azldev component update. Do not edit manually.
version = 1
import-commit = 'e9c408d881ed8c7b0bd52ebecb12788bfd46ea42'
upstream-commit = 'e9c408d881ed8c7b0bd52ebecb12788bfd46ea42'
input-fingerprint = 'sha256:edfc2faa6e5a2dc9fd4fe75ab4d805b0445f860345779f77f832736e85cae4bb'
resolution-input-hash = 'sha256:466421704711c4fd3c71f0b2ed715a0e61d49e3e26f3a2637fee755795849c8e'
