# Managed by azldev component update. Do not edit manually.
version = 1
import-commit = 'e9d067ad5d63fc664ec80ff11e58e7775940d339'
upstream-commit = '16291954d862b94f4348c33153735c8d31f6f3fa'
manual-bump = 2
input-fingerprint = 'sha256:6bc2aed7f11040d777e9803bce01d17cac425f3a592e5f048db4ae94c461d9fc'
resolution-input-hash = 'sha256:66d62fe619567932490e7a0efe734c3e5a22629c406a9c32f79cd23e7a001011'
