# Managed by azldev component update. Do not edit manually.
version = 1
import-commit = '28294930f0bd25e6886d56f366e3c049c334af65'
upstream-commit = '28294930f0bd25e6886d56f366e3c049c334af65'
manual-bump = 2
input-fingerprint = 'sha256:0321cfc46dc5873346505a7ac7385b5b8e2ccfa4a1efde5ec1eff23e018b71f0'
resolution-input-hash = 'sha256:ee2b4b2a7474232699f7ef1461160019159849dcc0daf2dcff1aabf35416ecec'
