# Managed by azldev component update. Do not edit manually.
version = 1
import-commit = '78a89358379feb997b866426f19a185b6c19b28c'
upstream-commit = '78a89358379feb997b866426f19a185b6c19b28c'
input-fingerprint = 'sha256:14431ff3e9f66ad90628d7531eb067584da2484e2be332e5d31c3bacd7c831ff'
resolution-input-hash = 'sha256:466421704711c4fd3c71f0b2ed715a0e61d49e3e26f3a2637fee755795849c8e'
