# Managed by azldev component update. Do not edit manually.
version = 1
import-commit = 'bf6091d3f94f876a62ad0fba6c54b08b96573be0'
upstream-commit = 'bf6091d3f94f876a62ad0fba6c54b08b96573be0'
input-fingerprint = 'sha256:60d6cafb39182013d23822680e868e5b719b91bb618953ff6d084f8debefdfe9'
resolution-input-hash = 'sha256:466421704711c4fd3c71f0b2ed715a0e61d49e3e26f3a2637fee755795849c8e'
