# Managed by azldev component update. Do not edit manually.
version = 1
import-commit = '8c3ee3f6fe499182c86758ebc6941a350a8024c7'
upstream-commit = '8c3ee3f6fe499182c86758ebc6941a350a8024c7'
manual-bump = 1
input-fingerprint = 'sha256:4730dda41e65af0d525b47ff130d68b4d1c6b368d66b3f007c86420d0cc66de5'
resolution-input-hash = 'sha256:466421704711c4fd3c71f0b2ed715a0e61d49e3e26f3a2637fee755795849c8e'
