# Managed by azldev component update. Do not edit manually.
version = 1
import-commit = 'f657f132090d890bbc1d5f0c82525bcfe2c6d4ee'
upstream-commit = 'f657f132090d890bbc1d5f0c82525bcfe2c6d4ee'
manual-bump = 1
input-fingerprint = 'sha256:ca148fac25e4a816589f97c2fe330b6d54a7626e1869f830f54e3c0693ff1efd'
resolution-input-hash = 'sha256:2f28ab3acf76be3f204b5af6296868e6365fcd5554d51c959e59c14de0a10e87'
