# Managed by azldev component update. Do not edit manually.
version = 1
import-commit = '79c5fcac96010bc6372685b71a96b1dc59df542c'
upstream-commit = '79c5fcac96010bc6372685b71a96b1dc59df542c'
manual-bump = 2
input-fingerprint = 'sha256:ddbfa067860e962ee30225e3b8b7a7ca1c80a02796f514abe07f5b5200091557'
resolution-input-hash = 'sha256:466421704711c4fd3c71f0b2ed715a0e61d49e3e26f3a2637fee755795849c8e'
