# Managed by azldev component update. Do not edit manually.
version = 1
import-commit = 'e1e62fe6b3efe184d047d9befdd8c36aeb5a6ae3'
upstream-commit = 'e1e62fe6b3efe184d047d9befdd8c36aeb5a6ae3'
manual-bump = 2
input-fingerprint = 'sha256:140415bf66cb75e8833ec4c09f60102d23b91441822922fcccf6d704a30f62fa'
resolution-input-hash = 'sha256:466421704711c4fd3c71f0b2ed715a0e61d49e3e26f3a2637fee755795849c8e'
