# Managed by azldev component update. Do not edit manually.
version = 1
import-commit = '7562fb5cf385010a9ceab8d8c9b5e07ce8ae83ed'
upstream-commit = '7562fb5cf385010a9ceab8d8c9b5e07ce8ae83ed'
manual-bump = 2
input-fingerprint = 'sha256:e69abee38870bca8962320aee21b8a51589f68ddcc597e1faedbf25625fc086a'
resolution-input-hash = 'sha256:466421704711c4fd3c71f0b2ed715a0e61d49e3e26f3a2637fee755795849c8e'
