# Managed by azldev component update. Do not edit manually.
version = 1
import-commit = '76d1649d979cb2a5b219c1e821f43e6c797b921c'
upstream-commit = '76d1649d979cb2a5b219c1e821f43e6c797b921c'
input-fingerprint = 'sha256:20a2a72e1018e8fcd8c27b59b8ae5433ce53c3a972cc95792ab97121a6238b84'
resolution-input-hash = 'sha256:466421704711c4fd3c71f0b2ed715a0e61d49e3e26f3a2637fee755795849c8e'
