# Managed by azldev component update. Do not edit manually.
version = 1
import-commit = 'e6c5d7cda9872a77a48fa3d5c392553e4061b15e'
upstream-commit = 'db80ca9ad591b491ab8e1df79771782f424b1848'
manual-bump = 2
input-fingerprint = 'sha256:a72922995916d1fb9b152ab5be4e97b62c0446eaa6e241d2017c6d21a25072d0'
resolution-input-hash = 'sha256:66d62fe619567932490e7a0efe734c3e5a22629c406a9c32f79cd23e7a001011'
