# Managed by azldev component update. Do not edit manually.
version = 1
import-commit = '40aa6ddcef535d6a1ae4efcf6538923155d5a70b'
upstream-commit = '0c4a0d16f9af2cf3ea66b83fc20271fdb22f48c2'
manual-bump = 2
input-fingerprint = 'sha256:5554ce9c2df8a743bc80c0f45df4fb5ad7a85f10f4781edea7d18825cbaf2dae'
resolution-input-hash = 'sha256:66d62fe619567932490e7a0efe734c3e5a22629c406a9c32f79cd23e7a001011'
