# Managed by azldev component update. Do not edit manually.
version = 1
import-commit = 'da2789fa17eca2b9022a9c86d7a49fc9d85e9872'
upstream-commit = 'da2789fa17eca2b9022a9c86d7a49fc9d85e9872'
manual-bump = 2
input-fingerprint = 'sha256:7d1d21898c67bbe4a2261249e2955eac4fa8011259bf3ac33dab8297d5141ada'
resolution-input-hash = 'sha256:2f28ab3acf76be3f204b5af6296868e6365fcd5554d51c959e59c14de0a10e87'
