# Managed by azldev component update. Do not edit manually.
version = 1
import-commit = '083d06a229124c16b2691d9a2b37a79defabfd5f'
upstream-commit = '083d06a229124c16b2691d9a2b37a79defabfd5f'
manual-bump = 1
input-fingerprint = 'sha256:f6d076f6f337b0930aff57cc1b02328fa3b879e0d9b992c8d2efc08392dc1abd'
resolution-input-hash = 'sha256:2f28ab3acf76be3f204b5af6296868e6365fcd5554d51c959e59c14de0a10e87'
