# Managed by azldev component update. Do not edit manually.
version = 1
import-commit = 'ca29608ccaf2b29818b44befa4c4cf732814de6a'
upstream-commit = '4eaadee934bb451d6930efbcd51a3b82b3b1a7dd'
manual-bump = 2
input-fingerprint = 'sha256:6e9dfa0890cd28db3350c3e2cd4d9fb4365be330ef81f7b8c6d78b7c97e674e1'
resolution-input-hash = 'sha256:66d62fe619567932490e7a0efe734c3e5a22629c406a9c32f79cd23e7a001011'
