# Managed by azldev component update. Do not edit manually.
version = 1
import-commit = '606c567f41adc69c26ef9f886da5359c7962fc77'
upstream-commit = '606c567f41adc69c26ef9f886da5359c7962fc77'
manual-bump = 1
input-fingerprint = 'sha256:8b467ee381d2640cc3785e184f914fe96143f5b9111f3c3a76ccfdbea24049b8'
resolution-input-hash = 'sha256:2f28ab3acf76be3f204b5af6296868e6365fcd5554d51c959e59c14de0a10e87'
