# Managed by azldev component update. Do not edit manually.
version = 1
import-commit = '51d60ea42a322ebe47e4d7a6890501211c5c1014'
upstream-commit = '51d60ea42a322ebe47e4d7a6890501211c5c1014'
manual-bump = 2
input-fingerprint = 'sha256:2630c27ea7a487c54ea02fc4eb7b4ee86c48f0b6a2b4c9982015994a2d00f8a0'
resolution-input-hash = 'sha256:466421704711c4fd3c71f0b2ed715a0e61d49e3e26f3a2637fee755795849c8e'
