# Managed by azldev component update. Do not edit manually.
version = 1
import-commit = 'd62e540f04eac3917395d08c3cf2b1c949719639'
upstream-commit = '5247a4eb9d8e6c56b22a30126dff98fb0856e0a3'
manual-bump = 1
input-fingerprint = 'sha256:d1b40d60fadbb52b9ed20d9e32fd6fc440d563e195be27a1007c017275b809ee'
resolution-input-hash = 'sha256:a9ca03b63354ae690312642790143842343733087a08e0bb488a4528268f2ef9'
