# Managed by azldev component update. Do not edit manually.
version = 1
import-commit = '2b4727b190d0d4763a02274e9a3e0449c2273e7e'
upstream-commit = '2b4727b190d0d4763a02274e9a3e0449c2273e7e'
manual-bump = 1
input-fingerprint = 'sha256:db64becf96c71a2afee4578495e1fc68b382196c57e231704bf5442f10dac7e3'
resolution-input-hash = 'sha256:466421704711c4fd3c71f0b2ed715a0e61d49e3e26f3a2637fee755795849c8e'
