# Managed by azldev component update. Do not edit manually.
version = 1
import-commit = 'c62aaf7ba74ff13d2df8f41017524ebeb9104fad'
upstream-commit = 'c62aaf7ba74ff13d2df8f41017524ebeb9104fad'
manual-bump = 2
input-fingerprint = 'sha256:d1cec5441a26e79a1e03f11a9c183c9b3b0596966691284d5e413acea7633697'
resolution-input-hash = 'sha256:2f28ab3acf76be3f204b5af6296868e6365fcd5554d51c959e59c14de0a10e87'
