# Managed by azldev component update. Do not edit manually.
version = 1
import-commit = 'faef64fc003d6f8a2ff4c959d66810bac9a35ed1'
upstream-commit = 'faef64fc003d6f8a2ff4c959d66810bac9a35ed1'
manual-bump = 1
input-fingerprint = 'sha256:83dc9f214f0c7161f05c0bf1dc156ddb336a796de77a57edf7390e467abf34d2'
resolution-input-hash = 'sha256:466421704711c4fd3c71f0b2ed715a0e61d49e3e26f3a2637fee755795849c8e'
