# Managed by azldev component update. Do not edit manually.
version = 1
import-commit = '1cb43d8011d470002cdc1a9644439820806fffff'
upstream-commit = '1cb43d8011d470002cdc1a9644439820806fffff'
manual-bump = 1
input-fingerprint = 'sha256:e4527f42721e606337f2902cacbfc9ed6e7b4739fa29cec19b8fad964a594327'
resolution-input-hash = 'sha256:466421704711c4fd3c71f0b2ed715a0e61d49e3e26f3a2637fee755795849c8e'
