# Managed by azldev component update. Do not edit manually.
version = 1
import-commit = '33e867f3d29a679a6232c94088af2aaf059e10c3'
upstream-commit = '33e867f3d29a679a6232c94088af2aaf059e10c3'
input-fingerprint = 'sha256:defef741cfec11a2c260062b9dd0177f612c2ea7aae0c5f9b2e75f741bde23c5'
resolution-input-hash = 'sha256:466421704711c4fd3c71f0b2ed715a0e61d49e3e26f3a2637fee755795849c8e'
