# Managed by azldev component update. Do not edit manually.
version = 1
import-commit = '9aa79f1a97922d32bf0938430e3a1c41861ca607'
upstream-commit = '9aa79f1a97922d32bf0938430e3a1c41861ca607'
input-fingerprint = 'sha256:66f0978f6874fd4548a30df2df5443834836952dd77e50a63426c0953649f411'
resolution-input-hash = 'sha256:466421704711c4fd3c71f0b2ed715a0e61d49e3e26f3a2637fee755795849c8e'
