# Managed by azldev component update. Do not edit manually.
version = 1
import-commit = '4ebf7d7db2f05f9b2e9a69e15dc0f801b3f7690e'
upstream-commit = '4ebf7d7db2f05f9b2e9a69e15dc0f801b3f7690e'
input-fingerprint = 'sha256:d14fa7c91faaa9331c405c43e985e400318183e95b0f6c87b655900d41b07f41'
resolution-input-hash = 'sha256:466421704711c4fd3c71f0b2ed715a0e61d49e3e26f3a2637fee755795849c8e'
