# Managed by azldev component update. Do not edit manually.
version = 1
import-commit = '1ac98314013d2e89ca6d480847f36cbaf07c1966'
upstream-commit = '1ac98314013d2e89ca6d480847f36cbaf07c1966'
manual-bump = 1
input-fingerprint = 'sha256:ea1fd8052ccbd0a7f6594d78414d7f7eace6280e6ee470e9a834acff285a97d3'
resolution-input-hash = 'sha256:2f28ab3acf76be3f204b5af6296868e6365fcd5554d51c959e59c14de0a10e87'
