# Managed by azldev component update. Do not edit manually.
version = 1
import-commit = '4dfef1a6dab6f62311b3b70a658c137d97a5ed1d'
upstream-commit = '4dfef1a6dab6f62311b3b70a658c137d97a5ed1d'
input-fingerprint = 'sha256:99a8f7a2452b0567ee41bf5dd7ff33e179b6e5ac3d57417e7ac07481f8a758a7'
resolution-input-hash = 'sha256:466421704711c4fd3c71f0b2ed715a0e61d49e3e26f3a2637fee755795849c8e'
