# Managed by azldev component update. Do not edit manually.
version = 1
import-commit = '9ab28992665e1caf8be2b75c3e6d8af5f3e85045'
upstream-commit = '9ab28992665e1caf8be2b75c3e6d8af5f3e85045'
input-fingerprint = 'sha256:3912b11db22fff93ed64e8acd302e7c25887d3926f03cd6d53145226dd24d6d2'
resolution-input-hash = 'sha256:466421704711c4fd3c71f0b2ed715a0e61d49e3e26f3a2637fee755795849c8e'
