# Managed by azldev component update. Do not edit manually.
version = 1
import-commit = 'f2a5b43663aecdbaade98dcd6bc4e16ce10e2222'
upstream-commit = 'f2a5b43663aecdbaade98dcd6bc4e16ce10e2222'
manual-bump = 1
input-fingerprint = 'sha256:a968e18235e5e33c28d8d99b616b9ab154c7a2fb98e7c4f8f7ed1c3f52c4cd86'
resolution-input-hash = 'sha256:466421704711c4fd3c71f0b2ed715a0e61d49e3e26f3a2637fee755795849c8e'
