# Managed by azldev component update. Do not edit manually.
version = 1
import-commit = '4adde97e30035e23e91a6d056590703ade7b243e'
upstream-commit = '4adde97e30035e23e91a6d056590703ade7b243e'
manual-bump = 2
input-fingerprint = 'sha256:d65213d9707cfb83a3fd1dc9276d7e058938cdb9812d2dbb7b6624364dfcf87a'
resolution-input-hash = 'sha256:2f28ab3acf76be3f204b5af6296868e6365fcd5554d51c959e59c14de0a10e87'
