# Managed by azldev component update. Do not edit manually.
version = 1
import-commit = '9ac7ea8c10bd75ff94f5be8505cf3ca99deb7d20'
upstream-commit = '9ac7ea8c10bd75ff94f5be8505cf3ca99deb7d20'
manual-bump = 2
input-fingerprint = 'sha256:925b56557ec122e0ef49425b8d777e915cc83b0a83154ada5fc133d167fde319'
resolution-input-hash = 'sha256:466421704711c4fd3c71f0b2ed715a0e61d49e3e26f3a2637fee755795849c8e'
