# Managed by azldev component update. Do not edit manually.
version = 1
import-commit = 'dd3730dab9087e020c6ea4dbd7d0bbb658b84c19'
upstream-commit = '0baa418eae533d264c27ea53334dedf5ef5ac7ae'
manual-bump = 1
input-fingerprint = 'sha256:e12089408e3f2e6b13c05312b32510b4becaca468d6dff1b9371766d39aee078'
resolution-input-hash = 'sha256:2f28ab3acf76be3f204b5af6296868e6365fcd5554d51c959e59c14de0a10e87'
