# Managed by azldev component update. Do not edit manually.
version = 1
import-commit = '0656218fbc935903041117f4bc6ac8a12f69d9cc'
upstream-commit = '0656218fbc935903041117f4bc6ac8a12f69d9cc'
manual-bump = 1
input-fingerprint = 'sha256:e1ad206427cc2f98e9fb9785d4586ef2c991a0c4c7baf089e2e9cf7355469084'
resolution-input-hash = 'sha256:2f28ab3acf76be3f204b5af6296868e6365fcd5554d51c959e59c14de0a10e87'
