# Managed by azldev component update. Do not edit manually.
version = 1
import-commit = '281eaab52d771400289e686429ee103fd0856e47'
upstream-commit = 'dea6e599eccac77058e86cbd9a274689aae87772'
manual-bump = 2
input-fingerprint = 'sha256:53807483be631c2b5df062a0215622de0f38ec63dfd1a132c398f735206f3cc8'
resolution-input-hash = 'sha256:66d62fe619567932490e7a0efe734c3e5a22629c406a9c32f79cd23e7a001011'
