# Managed by azldev component update. Do not edit manually.
version = 1
import-commit = '07e0d3feb1b8191ba8486f4795d0f4135053f949'
upstream-commit = '07e0d3feb1b8191ba8486f4795d0f4135053f949'
manual-bump = 2
input-fingerprint = 'sha256:da0fcbef035fc0d25703594f176452954549bfccaca8ccecea4f6dc3caac3ab4'
resolution-input-hash = 'sha256:f94d0849087b751b0c5cf764a8e91db50bc20be4ad29661c1f872cf50efbcde7'
