# Managed by azldev component update. Do not edit manually.
version = 1
import-commit = 'e9f1b7e636b5c36eb72d8e8687a1f306220e8cda'
upstream-commit = 'e9f1b7e636b5c36eb72d8e8687a1f306220e8cda'
input-fingerprint = 'sha256:eddfc864cc697a111c8fafb14119b3f2b70027c8ab1ecb0c73ccb9ad89843189'
resolution-input-hash = 'sha256:466421704711c4fd3c71f0b2ed715a0e61d49e3e26f3a2637fee755795849c8e'
