# Managed by azldev component update. Do not edit manually.
version = 1
import-commit = '9e064597c8e8437d4394a92f496a30537efb92a7'
upstream-commit = '9e064597c8e8437d4394a92f496a30537efb92a7'
manual-bump = 1
input-fingerprint = 'sha256:1d2b0d96495a2ca607e1c683c8d09343c055f4d6490b69d4294acbd70fe8fa56'
resolution-input-hash = 'sha256:466421704711c4fd3c71f0b2ed715a0e61d49e3e26f3a2637fee755795849c8e'
