# Managed by azldev component update. Do not edit manually.
version = 1
import-commit = '2a49c4264d28f900d16eb7dfdf3258cc5b3575bd'
upstream-commit = '1f1df5fa79e6c0104d60fa696f98937992c2737f'
manual-bump = 1
input-fingerprint = 'sha256:744d4922258d2d951865b5966571e3fa8c121e178ddd63ad8a94d810cbfc6a8c'
resolution-input-hash = 'sha256:2f28ab3acf76be3f204b5af6296868e6365fcd5554d51c959e59c14de0a10e87'
