# Managed by azldev component update. Do not edit manually.
version = 1
import-commit = '57ebbc5c6af21aa3c3189c956ff1870cf10ac7c5'
upstream-commit = 'daaf2c274d09ae137ba6235445514a49c872179d'
manual-bump = 2
input-fingerprint = 'sha256:c94f2d9bfa16d2120e06ff19e067902ecd523aa5b9d1331e7d86728de9f667ad'
resolution-input-hash = 'sha256:2f28ab3acf76be3f204b5af6296868e6365fcd5554d51c959e59c14de0a10e87'
