# Managed by azldev component update. Do not edit manually.
version = 1
import-commit = '7140a5d8dcae7a6f5108178add3d2c5f4f2c2cc2'
upstream-commit = '7140a5d8dcae7a6f5108178add3d2c5f4f2c2cc2'
manual-bump = 2
input-fingerprint = 'sha256:a2bdd2c59241983878ea15bab58fb1dae9fbc765150b16a198a08e77bfc454a3'
resolution-input-hash = 'sha256:2f28ab3acf76be3f204b5af6296868e6365fcd5554d51c959e59c14de0a10e87'
