# Managed by azldev component update. Do not edit manually.
version = 1
import-commit = '4ae99d234d04d2037c794fe788fa077692625e10'
upstream-commit = '4ae99d234d04d2037c794fe788fa077692625e10'
manual-bump = 1
input-fingerprint = 'sha256:d87dde2cebe9e9f8216b8767e1e51326e671177d3ffd605069582711127736f0'
resolution-input-hash = 'sha256:466421704711c4fd3c71f0b2ed715a0e61d49e3e26f3a2637fee755795849c8e'
