# Managed by azldev component update. Do not edit manually.
version = 1
import-commit = '30367098f1b32a61932312be6cdf7246d823d016'
upstream-commit = '30367098f1b32a61932312be6cdf7246d823d016'
manual-bump = 2
input-fingerprint = 'sha256:33c1475eb64ce02689653308fd129492973a37a567bfa7487f610d8d255e558f'
resolution-input-hash = 'sha256:ee2b4b2a7474232699f7ef1461160019159849dcc0daf2dcff1aabf35416ecec'
