# Managed by azldev component update. Do not edit manually.
version = 1
import-commit = '63f2a118457b60e662d65d5bafcadbd1cb454a82'
upstream-commit = 'c2c10c1cc8322b971eba27cf208fdc75a58c489a'
manual-bump = 2
input-fingerprint = 'sha256:ba633d954e2f6b79004d70f11bb42686ed8bcd13e02500b5e4f1d83c36e006ca'
resolution-input-hash = 'sha256:2f28ab3acf76be3f204b5af6296868e6365fcd5554d51c959e59c14de0a10e87'
