# Managed by azldev component update. Do not edit manually.
version = 1
import-commit = 'a158b07fe59c3306b7ba1db30ac4c4746c847b50'
upstream-commit = '42026a6c8ebf1268085172be3cdc8fd295fa3e80'
manual-bump = 1
input-fingerprint = 'sha256:65c1dc6d4d7622e5e4c0b4111a517d890f645d07dccc9bde45c706469a2b0a6e'
resolution-input-hash = 'sha256:2f28ab3acf76be3f204b5af6296868e6365fcd5554d51c959e59c14de0a10e87'
