# Managed by azldev component update. Do not edit manually.
version = 1
import-commit = '68459e366d58f39094f6ce0e3af3b7a9a5c7e0ea'
upstream-commit = '68459e366d58f39094f6ce0e3af3b7a9a5c7e0ea'
manual-bump = 2
input-fingerprint = 'sha256:15282b3668009f5038e9114e3195e633a0c1a90a224963f76b057f7463cdacab'
resolution-input-hash = 'sha256:2f28ab3acf76be3f204b5af6296868e6365fcd5554d51c959e59c14de0a10e87'
