# Managed by azldev component update. Do not edit manually.
version = 1
import-commit = 'c5728abae1c539ef21df2d248d199d885d438fd6'
upstream-commit = 'c5728abae1c539ef21df2d248d199d885d438fd6'
manual-bump = 1
input-fingerprint = 'sha256:4a6621fcbb3859a0202050b8d3bca59c01959f316e2fa9f75d06cd1ff9d0dfbf'
resolution-input-hash = 'sha256:466421704711c4fd3c71f0b2ed715a0e61d49e3e26f3a2637fee755795849c8e'
