# Managed by azldev component update. Do not edit manually.
version = 1
import-commit = 'ca80ba5cd038c0bd48273bfe16f3f2ba89c098cc'
upstream-commit = 'ca80ba5cd038c0bd48273bfe16f3f2ba89c098cc'
manual-bump = 2
input-fingerprint = 'sha256:5cf33de20c3ed78667ef0ae613c18e1ffd4d870ac1fc88be113823cd4674f90a'
resolution-input-hash = 'sha256:466421704711c4fd3c71f0b2ed715a0e61d49e3e26f3a2637fee755795849c8e'
