# Managed by azldev component update. Do not edit manually.
version = 1
import-commit = 'fddcd2a847a8e8f4eac4253b67aa6af925f2f84d'
upstream-commit = 'fddcd2a847a8e8f4eac4253b67aa6af925f2f84d'
manual-bump = 1
input-fingerprint = 'sha256:dc9572aedca8275ffe0380eeb17ee534cecb7a5fa74c33bb8d1605ffd2d60823'
resolution-input-hash = 'sha256:466421704711c4fd3c71f0b2ed715a0e61d49e3e26f3a2637fee755795849c8e'
