# Managed by azldev component update. Do not edit manually.
version = 1
import-commit = '0cd0937c0e05d65b30ec5f719481e685ce2e7422'
upstream-commit = '0cd0937c0e05d65b30ec5f719481e685ce2e7422'
manual-bump = 2
input-fingerprint = 'sha256:b0836d52d0409f62c30d09429adf9114c1bb665fc69ef82f06d3855b314bffc2'
resolution-input-hash = 'sha256:466421704711c4fd3c71f0b2ed715a0e61d49e3e26f3a2637fee755795849c8e'
