# Managed by azldev component update. Do not edit manually.
version = 1
import-commit = 'ffa0e68c39923be9eb062e3b969c569be90d65eb'
upstream-commit = 'a6f188e827939f521fdd265ad440a7430cf99079'
manual-bump = 2
input-fingerprint = 'sha256:56b98cd4bd70d068a11d9d995f4c645864b22d2470bedc3be79304d9e5187c07'
resolution-input-hash = 'sha256:66d62fe619567932490e7a0efe734c3e5a22629c406a9c32f79cd23e7a001011'
