# Managed by azldev component update. Do not edit manually.
version = 1
import-commit = 'de622ae979092b4d8ade7068526768e84a9f53d1'
upstream-commit = 'de622ae979092b4d8ade7068526768e84a9f53d1'
input-fingerprint = 'sha256:dd9c45c68b251882a705103901af5afe32b0a86aa3cc9a916004e70ba4968b5f'
resolution-input-hash = 'sha256:466421704711c4fd3c71f0b2ed715a0e61d49e3e26f3a2637fee755795849c8e'
