# Managed by azldev component update. Do not edit manually.
version = 1
import-commit = '437975e1535f1c497a07d4c869b02dcece4bf8f6'
upstream-commit = '437975e1535f1c497a07d4c869b02dcece4bf8f6'
manual-bump = 1
input-fingerprint = 'sha256:d3490f3693debaf77f4f7e071c91fd04fe9072068f864bdd102e1cd2f060b65f'
resolution-input-hash = 'sha256:466421704711c4fd3c71f0b2ed715a0e61d49e3e26f3a2637fee755795849c8e'
