# Managed by azldev component update. Do not edit manually.
version = 1
import-commit = '5dd10a17e2c07530fbec366cdad9f58e9b6f02a2'
upstream-commit = '5dd10a17e2c07530fbec366cdad9f58e9b6f02a2'
manual-bump = 2
input-fingerprint = 'sha256:2c977d478d375f4b4991266b656c6b255aa4fa802fba5dd8a19241acb5511b7e'
resolution-input-hash = 'sha256:466421704711c4fd3c71f0b2ed715a0e61d49e3e26f3a2637fee755795849c8e'
