# Managed by azldev component update. Do not edit manually.
version = 1
import-commit = '61375fef1b2eb233ce8ee9a6829673841c547226'
upstream-commit = '61375fef1b2eb233ce8ee9a6829673841c547226'
manual-bump = 1
input-fingerprint = 'sha256:36a6dfcddcb1d1f7a835f9ebcdcaa8c76c51687921c2db459c242a0864e37491'
resolution-input-hash = 'sha256:2f28ab3acf76be3f204b5af6296868e6365fcd5554d51c959e59c14de0a10e87'
