# Managed by azldev component update. Do not edit manually.
version = 1
import-commit = '9d1cf6748d3e5304cc3f5e43befd9a452c98fce2'
upstream-commit = '5dfad70c66a145a8b88a3840003ece057d69849f'
manual-bump = 2
input-fingerprint = 'sha256:0c62448d6e2e8777be497c1c810ad4ae1e67463d82d264175a415483823baccb'
resolution-input-hash = 'sha256:2f28ab3acf76be3f204b5af6296868e6365fcd5554d51c959e59c14de0a10e87'
