# Managed by azldev component update. Do not edit manually.
version = 1
import-commit = '8697112b3f0ed43ee62da09f62d126b1a0e8db4a'
upstream-commit = '8697112b3f0ed43ee62da09f62d126b1a0e8db4a'
manual-bump = 1
input-fingerprint = 'sha256:99bfdbff1402a41339683645bf08b01a65027c1c5f7e1f6d51b09889d8049088'
resolution-input-hash = 'sha256:466421704711c4fd3c71f0b2ed715a0e61d49e3e26f3a2637fee755795849c8e'
