# Managed by azldev component update. Do not edit manually.
version = 1
import-commit = '52cb8ce12f1b7b953a2309a8b79372a205a28b80'
upstream-commit = '13384cde480678aa2c45b349027548553279f0bb'
manual-bump = 2
input-fingerprint = 'sha256:954ea52bac858cec58d46d671a3ef2760f5ae8e69eeedd4da895e496e21b2e7d'
resolution-input-hash = 'sha256:2f28ab3acf76be3f204b5af6296868e6365fcd5554d51c959e59c14de0a10e87'
