# Managed by azldev component update. Do not edit manually.
version = 1
import-commit = 'c909bd360a9713c70685903fd06485f5ef27436b'
upstream-commit = 'c0909bdc87d5decb511db8b3c7a702a3de683353'
input-fingerprint = 'sha256:d7fcfeb1405cd47a6a233d63df0224fcf3453e12f679a13c3661763361dad3c6'
resolution-input-hash = 'sha256:2b2027e63534c9aa0c1e7a69b720cb8e94e2c26f03057b6ac5a0a7a08b537ed7'
