# Managed by azldev component update. Do not edit manually.
version = 1
import-commit = 'f92f2139479ab68056c685766cf015353c2d48c5'
upstream-commit = '2f593a305c44aaa544f3d5e985c24fabe630f5e6'
manual-bump = 2
input-fingerprint = 'sha256:ad9cd858d7cd1d36cc7ec164c63d604d421adc8f9821439f29b62efff861feaa'
resolution-input-hash = 'sha256:ee2b4b2a7474232699f7ef1461160019159849dcc0daf2dcff1aabf35416ecec'
