# Managed by azldev component update. Do not edit manually.
version = 1
import-commit = '9dfe966618e84e43cd8265ca2a9ac5dbf8e67cbd'
upstream-commit = '9dfe966618e84e43cd8265ca2a9ac5dbf8e67cbd'
manual-bump = 1
input-fingerprint = 'sha256:9480516947d83322f1e9e1b4fccf28d76cdf4b3ecbef6b778e0a7e8cb345b4d1'
resolution-input-hash = 'sha256:2f28ab3acf76be3f204b5af6296868e6365fcd5554d51c959e59c14de0a10e87'
