# Managed by azldev component update. Do not edit manually.
version = 1
import-commit = 'b1c9a70315d65dc8bb895f186a8be7fec8f76b20'
upstream-commit = 'b1c9a70315d65dc8bb895f186a8be7fec8f76b20'
input-fingerprint = 'sha256:3bff6669fa4950d285ec2ec5a55a9b047d6657c2f0dd96f4c95066027c99ec2e'
resolution-input-hash = 'sha256:466421704711c4fd3c71f0b2ed715a0e61d49e3e26f3a2637fee755795849c8e'
