# Managed by azldev component update. Do not edit manually.
version = 1
import-commit = 'b28d55be2d230000cb6cb4577c4a4fc3f4c708c4'
upstream-commit = 'b28d55be2d230000cb6cb4577c4a4fc3f4c708c4'
manual-bump = 2
input-fingerprint = 'sha256:14826662c37fee950761f8847c8fde9ab7f957906bde75714fe334e9d6321ff2'
resolution-input-hash = 'sha256:466421704711c4fd3c71f0b2ed715a0e61d49e3e26f3a2637fee755795849c8e'
