# Managed by azldev component update. Do not edit manually.
version = 1
import-commit = 'd232d35d67385f3889e5bd825183122ebf9f2462'
upstream-commit = '2427fb361923d72d779bc49ccf9f031795e0a59c'
manual-bump = 1
input-fingerprint = 'sha256:32c3cb49ed5feff55f5bdae1fccf55a756b93312a34373da4dd9a7733e94256e'
resolution-input-hash = 'sha256:2f28ab3acf76be3f204b5af6296868e6365fcd5554d51c959e59c14de0a10e87'
