# Managed by azldev component update. Do not edit manually.
version = 1
import-commit = 'fcdd0e50f493b971b504365737a029ebd6d83168'
upstream-commit = '6972ae0bd5b352efc3e00eb46ffd8456bf9fddf1'
manual-bump = 2
input-fingerprint = 'sha256:4e9da517873ac1303454731b7ee732cef141870d213f2252c80b2b4d7c575474'
resolution-input-hash = 'sha256:2f28ab3acf76be3f204b5af6296868e6365fcd5554d51c959e59c14de0a10e87'
