# Managed by azldev component update. Do not edit manually.
version = 1
import-commit = '23340d9d50c81e124f113b9e29db1774b7e798a5'
upstream-commit = '23340d9d50c81e124f113b9e29db1774b7e798a5'
manual-bump = 2
input-fingerprint = 'sha256:bc9eb36d1dc0e1a16bedca33384ce0b9f186779419abc80c639512a43a856d3f'
resolution-input-hash = 'sha256:2f28ab3acf76be3f204b5af6296868e6365fcd5554d51c959e59c14de0a10e87'
