# Managed by azldev component update. Do not edit manually.
version = 1
import-commit = 'a2f027e1e32c61f687676138b1b862887bafe250'
upstream-commit = 'a2f027e1e32c61f687676138b1b862887bafe250'
manual-bump = 2
input-fingerprint = 'sha256:3adb77a61f5dfb4380f3cce988814256f1a3e5f0704f6f7493637288d7ac9e8b'
resolution-input-hash = 'sha256:466421704711c4fd3c71f0b2ed715a0e61d49e3e26f3a2637fee755795849c8e'
