# Managed by azldev component update. Do not edit manually.
version = 1
import-commit = 'aa123eb877899298ddb84f2a8e30c1cccc317eab'
upstream-commit = 'aa123eb877899298ddb84f2a8e30c1cccc317eab'
manual-bump = 1
input-fingerprint = 'sha256:a43a621830267dbb8297e6aa774b053e254b28df5859f7098485e6d6bda0d9f1'
resolution-input-hash = 'sha256:466421704711c4fd3c71f0b2ed715a0e61d49e3e26f3a2637fee755795849c8e'
