# Managed by azldev component update. Do not edit manually.
version = 1
import-commit = '2361af535e65e70668dd90f0a9887a7d490c20ce'
upstream-commit = '2361af535e65e70668dd90f0a9887a7d490c20ce'
input-fingerprint = 'sha256:8eff90f78657b4f010e38253da266db5a3ae2835633b5743cda929d0954d175b'
resolution-input-hash = 'sha256:466421704711c4fd3c71f0b2ed715a0e61d49e3e26f3a2637fee755795849c8e'
