# Managed by azldev component update. Do not edit manually.
version = 1
import-commit = '799fc975e7c39cde45e7c33a61e309adc80ef551'
upstream-commit = '799fc975e7c39cde45e7c33a61e309adc80ef551'
input-fingerprint = 'sha256:03d0d038f90089b53bb93292569982fc14db43fa1aabcdf69436afac81fcf7ce'
resolution-input-hash = 'sha256:466421704711c4fd3c71f0b2ed715a0e61d49e3e26f3a2637fee755795849c8e'
