# Managed by azldev component update. Do not edit manually.
version = 1
import-commit = '5a8b3ea1bee9cc6cac21309005800bc264834c02'
upstream-commit = '5a8b3ea1bee9cc6cac21309005800bc264834c02'
manual-bump = 1
input-fingerprint = 'sha256:202c5d173dc0437fe268c09c9aa59600bf60412ea13e74c331f1608434863423'
resolution-input-hash = 'sha256:2f28ab3acf76be3f204b5af6296868e6365fcd5554d51c959e59c14de0a10e87'
