# Managed by azldev component update. Do not edit manually.
version = 1
import-commit = 'c08b0a83c920296a8fcd5f8ffb13ddaf719e7c5e'
upstream-commit = 'c08b0a83c920296a8fcd5f8ffb13ddaf719e7c5e'
input-fingerprint = 'sha256:c112738f95bca8e553191dc414256564d53c7154e4b978c9a9e3885049738380'
resolution-input-hash = 'sha256:466421704711c4fd3c71f0b2ed715a0e61d49e3e26f3a2637fee755795849c8e'
