# Managed by azldev component update. Do not edit manually.
version = 1
import-commit = 'bbac9c8cbd7178bc8e85531b4bd3031fb7f838c0'
upstream-commit = 'bbac9c8cbd7178bc8e85531b4bd3031fb7f838c0'
manual-bump = 1
input-fingerprint = 'sha256:f52bfcfdfe5bdff7025469ebe80d68271411a9244bc02e227a2187a158ba58ef'
resolution-input-hash = 'sha256:466421704711c4fd3c71f0b2ed715a0e61d49e3e26f3a2637fee755795849c8e'
