# Managed by azldev component update. Do not edit manually.
version = 1
import-commit = 'edf1630e91fff88ae1d8a4204ec6753dc6a803d2'
upstream-commit = 'edf1630e91fff88ae1d8a4204ec6753dc6a803d2'
manual-bump = 1
input-fingerprint = 'sha256:dba3ad714051d130e6853a751ab78a810492e50b9658819f3c66ab2c1b19a920'
resolution-input-hash = 'sha256:466421704711c4fd3c71f0b2ed715a0e61d49e3e26f3a2637fee755795849c8e'
