# Managed by azldev component update. Do not edit manually.
version = 1
import-commit = 'b26f5fc0254d2ddbc58003a8c948ed6b4a9f4a92'
upstream-commit = 'b26f5fc0254d2ddbc58003a8c948ed6b4a9f4a92'
manual-bump = 1
input-fingerprint = 'sha256:ea1f124830f5cd86ecc755689d9c3bafba84551d2025bfcc37e18bfeca9b7ef2'
resolution-input-hash = 'sha256:466421704711c4fd3c71f0b2ed715a0e61d49e3e26f3a2637fee755795849c8e'
