# Managed by azldev component update. Do not edit manually.
version = 1
import-commit = '27362cae4002c83cf1f48f8aad4ddfa66cb95ca5'
upstream-commit = '27362cae4002c83cf1f48f8aad4ddfa66cb95ca5'
manual-bump = 1
input-fingerprint = 'sha256:16caa943d87e72f31cc9bebd3fe0eecbb8867d788557531ca8ac29acf0c88c47'
resolution-input-hash = 'sha256:2f28ab3acf76be3f204b5af6296868e6365fcd5554d51c959e59c14de0a10e87'
