# Managed by azldev component update. Do not edit manually.
version = 1
import-commit = '2c673c2482d4ccee563e691fa2f34374eee6739a'
upstream-commit = '76ecae68708769b32b9033741b72e20cc6c0a83f'
manual-bump = 2
input-fingerprint = 'sha256:f00259f5624ed5b5474cb33f05927d30a2c167aebb20a1232d61fbb1010c9f2d'
resolution-input-hash = 'sha256:66d62fe619567932490e7a0efe734c3e5a22629c406a9c32f79cd23e7a001011'
