# Managed by azldev component update. Do not edit manually.
version = 1
import-commit = 'b2e81f12c90590b6252d27f1f4abc5b78bbcc2b7'
upstream-commit = 'b2e81f12c90590b6252d27f1f4abc5b78bbcc2b7'
manual-bump = 1
input-fingerprint = 'sha256:de44c582ff9f3a4ec086f74b846740d92d56d58dbd8b2b79e2205710bad9ffd8'
resolution-input-hash = 'sha256:2f28ab3acf76be3f204b5af6296868e6365fcd5554d51c959e59c14de0a10e87'
