# Managed by azldev component update. Do not edit manually.
version = 1
import-commit = 'c2aba1e728c781846c0993fe38de7bd94dec4379'
upstream-commit = 'c2aba1e728c781846c0993fe38de7bd94dec4379'
input-fingerprint = 'sha256:81658f64d1f69214d2bebe65c0726429edba81bed5bd46e2689c0f2434c235d3'
resolution-input-hash = 'sha256:466421704711c4fd3c71f0b2ed715a0e61d49e3e26f3a2637fee755795849c8e'
