# Managed by azldev component update. Do not edit manually.
version = 1
import-commit = 'e9776303ca76bdf81a07c2fed5327bde5e72f9be'
upstream-commit = 'cd673e0fb240bdd138ab80a507166aba409b658d'
manual-bump = 2
input-fingerprint = 'sha256:4e664ed4e79500b69a0b27c24a81afaa620f8e7980a636b94b34f7b4ef9c7369'
resolution-input-hash = 'sha256:ee2b4b2a7474232699f7ef1461160019159849dcc0daf2dcff1aabf35416ecec'
