# Managed by azldev component update. Do not edit manually.
version = 1
import-commit = '76d9d184437e22954f04b98d3e6b4d523e736569'
upstream-commit = 'e8d90503eac17aa0dc9e9a4c2921d35a55297fd2'
manual-bump = 2
input-fingerprint = 'sha256:c71eb8510dc8505f0f882f5825993735ab5e8abcb516a31601241ac69bf215ab'
resolution-input-hash = 'sha256:66d62fe619567932490e7a0efe734c3e5a22629c406a9c32f79cd23e7a001011'
