# Managed by azldev component update. Do not edit manually.
version = 1
import-commit = '240e6abf5b2f7e949f26696a0667551c99779710'
upstream-commit = 'f88244378e8b36b07ad405286024decadb4c843e'
manual-bump = 2
input-fingerprint = 'sha256:079efccd275875b39e763f972173e6609dd66a8790ecd815bbfcc210dc01b418'
resolution-input-hash = 'sha256:ee2b4b2a7474232699f7ef1461160019159849dcc0daf2dcff1aabf35416ecec'
