# Managed by azldev component update. Do not edit manually.
version = 1
import-commit = '845c8241d3729fe9bf58ece3e6f666e6f0a96fae'
upstream-commit = '845c8241d3729fe9bf58ece3e6f666e6f0a96fae'
input-fingerprint = 'sha256:20a7005a8033936a1836abc33d05eb2f0a9473f2f6f061b8c182f8fb07e6007e'
resolution-input-hash = 'sha256:466421704711c4fd3c71f0b2ed715a0e61d49e3e26f3a2637fee755795849c8e'
