# Managed by azldev component update. Do not edit manually.
version = 1
import-commit = 'eb11392b5c52c344962f8558164f484e5a682949'
upstream-commit = 'eb11392b5c52c344962f8558164f484e5a682949'
manual-bump = 1
input-fingerprint = 'sha256:4fd1da24a76e589f1edfed14c938a8c5c093ed635b5c2ad933cfe8a0d202e29b'
resolution-input-hash = 'sha256:2f28ab3acf76be3f204b5af6296868e6365fcd5554d51c959e59c14de0a10e87'
