# Managed by azldev component update. Do not edit manually.
version = 1
import-commit = '7ba7a374e5a19dbc821c818574ca1a03dc8ac497'
upstream-commit = '7ba7a374e5a19dbc821c818574ca1a03dc8ac497'
manual-bump = 2
input-fingerprint = 'sha256:bc0f3983048e1a605396ecbd9cf82d1b2a3974cc94c67bfe6aa43fd98fa0c0c4'
resolution-input-hash = 'sha256:2f28ab3acf76be3f204b5af6296868e6365fcd5554d51c959e59c14de0a10e87'
