# Managed by azldev component update. Do not edit manually.
version = 1
import-commit = 'bbeffbe84d4a17d923923f953ff056fea7eeb913'
upstream-commit = '999dca155d8d337a1c1f7ba146e3729190ed811f'
manual-bump = 1
input-fingerprint = 'sha256:b67c862f6e2b2b2bf02411f886e7d905ab49cfbd5a7691a65d895c46bc273c34'
resolution-input-hash = 'sha256:2f28ab3acf76be3f204b5af6296868e6365fcd5554d51c959e59c14de0a10e87'
