# Managed by azldev component update. Do not edit manually.
version = 1
import-commit = '44dbba357db297f00a55c80ea0b046bc9d47203a'
upstream-commit = '44dbba357db297f00a55c80ea0b046bc9d47203a'
manual-bump = 2
input-fingerprint = 'sha256:4ecb2d578923038c05b0d128fdf7e49bd3bbbf2b9fe2d7648526f4e3df9566d5'
resolution-input-hash = 'sha256:466421704711c4fd3c71f0b2ed715a0e61d49e3e26f3a2637fee755795849c8e'
