# Managed by azldev component update. Do not edit manually.
version = 1
import-commit = 'c2388a0c456745d0d620c3bfa5453026abf1e63a'
upstream-commit = 'c2388a0c456745d0d620c3bfa5453026abf1e63a'
manual-bump = 2
input-fingerprint = 'sha256:4d568e457a57486485f36ad06f5a4637ecbc6a9ef21a7c3bbd793ff51cc6dfeb'
resolution-input-hash = 'sha256:2f28ab3acf76be3f204b5af6296868e6365fcd5554d51c959e59c14de0a10e87'
