# Managed by azldev component update. Do not edit manually.
version = 1
import-commit = '0c266f36800555f8685679cafe3862862a0e67b8'
upstream-commit = '0c266f36800555f8685679cafe3862862a0e67b8'
manual-bump = 2
input-fingerprint = 'sha256:68c158fd456b07fe32d0bc42bacb951d48052e57fb9845e7d6582d98cd2c8ea4'
resolution-input-hash = 'sha256:2f28ab3acf76be3f204b5af6296868e6365fcd5554d51c959e59c14de0a10e87'
