# Managed by azldev component update. Do not edit manually.
version = 1
import-commit = 'c418e26378d769202848ba0be7761b7562c89769'
upstream-commit = 'c418e26378d769202848ba0be7761b7562c89769'
manual-bump = 2
input-fingerprint = 'sha256:5533b987fd50fc804f4e313bb98b603be908fb27d3212415337ba654ccf31997'
resolution-input-hash = 'sha256:466421704711c4fd3c71f0b2ed715a0e61d49e3e26f3a2637fee755795849c8e'
