# Managed by azldev component update. Do not edit manually.
version = 1
import-commit = 'c08df08e5e06eeacec7e4e41b3614690e5ab2373'
upstream-commit = 'c08df08e5e06eeacec7e4e41b3614690e5ab2373'
input-fingerprint = 'sha256:794517b06938abb2dda3de0217432549f4d38332483770fa80b54bd3fced9cdd'
resolution-input-hash = 'sha256:466421704711c4fd3c71f0b2ed715a0e61d49e3e26f3a2637fee755795849c8e'
