# Managed by azldev component update. Do not edit manually.
version = 1
import-commit = 'b697569f24d26e9073b6ce4a3d79312c21bb263b'
upstream-commit = '535d0fb0cce469f77e68ce6cf4b205a395369f8a'
manual-bump = 2
input-fingerprint = 'sha256:867efd1bfc77fceda9160ad96307b936682469c5f2c50df489e679dc21060a46'
resolution-input-hash = 'sha256:2f28ab3acf76be3f204b5af6296868e6365fcd5554d51c959e59c14de0a10e87'
