# Managed by azldev component update. Do not edit manually.
version = 1
import-commit = '56c8f699c408a5d51bd1d6991f988fab6b65491c'
upstream-commit = '56c8f699c408a5d51bd1d6991f988fab6b65491c'
manual-bump = 1
input-fingerprint = 'sha256:fa3863493c6f64dd649f154bc8eaff1cafe361ac0143314868b33d9d057e9056'
resolution-input-hash = 'sha256:466421704711c4fd3c71f0b2ed715a0e61d49e3e26f3a2637fee755795849c8e'
