# Managed by azldev component update. Do not edit manually.
version = 1
import-commit = 'd0d5766d3d2d259fa9dda0518b8b9d6f88c415a5'
upstream-commit = 'd0d5766d3d2d259fa9dda0518b8b9d6f88c415a5'
input-fingerprint = 'sha256:46a8987621a75a54b62b0c63872078878667cf1c6c00d26607959e8897f67336'
resolution-input-hash = 'sha256:466421704711c4fd3c71f0b2ed715a0e61d49e3e26f3a2637fee755795849c8e'
