# Managed by azldev component update. Do not edit manually.
version = 1
import-commit = '77213a34af222ac2cde125824499cba45e3e450e'
upstream-commit = 'f1e13348977c398a7e609ff367ba3fd655ef39a9'
manual-bump = 1
input-fingerprint = 'sha256:0b6773004e44ffea05423ede67c65a83c54aaa495beb050838a6bd1f945049a4'
resolution-input-hash = 'sha256:2f28ab3acf76be3f204b5af6296868e6365fcd5554d51c959e59c14de0a10e87'
