# Managed by azldev component update. Do not edit manually.
version = 1
import-commit = 'caa2193754bdeff78c377f569dd8728bfa9f1308'
upstream-commit = 'caa2193754bdeff78c377f569dd8728bfa9f1308'
manual-bump = 2
input-fingerprint = 'sha256:1e2c8a895b5a6d32fe0406a190e7ea011df8022302fe4a89f60ce9772e6e5b76'
resolution-input-hash = 'sha256:ee2b4b2a7474232699f7ef1461160019159849dcc0daf2dcff1aabf35416ecec'
