# Managed by azldev component update. Do not edit manually.
version = 1
import-commit = '6e60e86be42ca6b69a69c08bb0e87aed93a7ae97'
upstream-commit = '6e60e86be42ca6b69a69c08bb0e87aed93a7ae97'
manual-bump = 2
input-fingerprint = 'sha256:a4ac5ae09eef8d5a7011b9de7e9752a4d56ee407194aee3818a8084cf6ab97b8'
resolution-input-hash = 'sha256:ee2b4b2a7474232699f7ef1461160019159849dcc0daf2dcff1aabf35416ecec'
