# Managed by azldev component update. Do not edit manually.
version = 1
import-commit = 'c715e944043091c316877cd54e8c13c86b72d99f'
upstream-commit = 'c715e944043091c316877cd54e8c13c86b72d99f'
manual-bump = 2
input-fingerprint = 'sha256:4910ffc90fa6ffc1be160197a859b64572a555f888a78689b38da27123aa3b88'
resolution-input-hash = 'sha256:2f28ab3acf76be3f204b5af6296868e6365fcd5554d51c959e59c14de0a10e87'
