# Managed by azldev component update. Do not edit manually.
version = 1
import-commit = 'a158b07fe59c3306b7ba1db30ac4c4746c847b50'
upstream-commit = 'a158b07fe59c3306b7ba1db30ac4c4746c847b50'
input-fingerprint = 'sha256:f44265e6bd7abfb68a10f58997c1f3b81d76b5071ae05d597bc090c498f466a3'
resolution-input-hash = 'sha256:466421704711c4fd3c71f0b2ed715a0e61d49e3e26f3a2637fee755795849c8e'
