# Managed by azldev component update. Do not edit manually.
version = 1
import-commit = '245d4e07535a875b4d3e2c1f808b93f83143c93a'
upstream-commit = 'a73bc3a87180d74216d969a469798c27264dc5a2'
manual-bump = 2
input-fingerprint = 'sha256:a73e46f689b3902341b606f5fbd112e52f46862b42ef59c276de1e3aa028efdc'
resolution-input-hash = 'sha256:66d62fe619567932490e7a0efe734c3e5a22629c406a9c32f79cd23e7a001011'
