# Managed by azldev component update. Do not edit manually.
version = 1
import-commit = '9b7b66515613eb4aff0f57fe5c922ed532f27f1c'
upstream-commit = '9b7b66515613eb4aff0f57fe5c922ed532f27f1c'
input-fingerprint = 'sha256:86bd1b5e55a03c31eb48833095edbfdc1451a2dc74b7c5e8bb13d395edc6f50b'
resolution-input-hash = 'sha256:466421704711c4fd3c71f0b2ed715a0e61d49e3e26f3a2637fee755795849c8e'
