# Managed by azldev component update. Do not edit manually.
version = 1
import-commit = 'c597a4604aa1958070ed4fdefa51cb1b63186542'
upstream-commit = 'c597a4604aa1958070ed4fdefa51cb1b63186542'
input-fingerprint = 'sha256:2cd1a40dc3419b27f1d2c6021cb96f5e9569088f1a3c55ec32038340055b2e3c'
resolution-input-hash = 'sha256:466421704711c4fd3c71f0b2ed715a0e61d49e3e26f3a2637fee755795849c8e'
