# Managed by azldev component update. Do not edit manually.
version = 1
import-commit = '2b6c15a02250bafe44ba0e41149cb2ac3bad6dbd'
upstream-commit = '2b6c15a02250bafe44ba0e41149cb2ac3bad6dbd'
manual-bump = 1
input-fingerprint = 'sha256:143bc5b8a0e95b8ea53bffdb6c7877dbc2095e595fd66cc7cdd92cb1e1fd6a86'
resolution-input-hash = 'sha256:466421704711c4fd3c71f0b2ed715a0e61d49e3e26f3a2637fee755795849c8e'
