# Managed by azldev component update. Do not edit manually.
version = 1
import-commit = '4a5a60146c5fdec4c48cc9b90caf1f34f2cce184'
upstream-commit = '4a5a60146c5fdec4c48cc9b90caf1f34f2cce184'
input-fingerprint = 'sha256:4e4ab27edf5d9f9e6bd25ae03f6028321047f471d5e60967dcf4d574a0c63e22'
resolution-input-hash = 'sha256:466421704711c4fd3c71f0b2ed715a0e61d49e3e26f3a2637fee755795849c8e'
