# Managed by azldev component update. Do not edit manually.
version = 1
import-commit = 'ea2cc587658073050f6b6773378b86ed1f688673'
upstream-commit = 'ea2cc587658073050f6b6773378b86ed1f688673'
manual-bump = 1
input-fingerprint = 'sha256:6ef2bbf022e11614915fbc41f4cc098fd4c588701e0298f57254017b04657105'
resolution-input-hash = 'sha256:466421704711c4fd3c71f0b2ed715a0e61d49e3e26f3a2637fee755795849c8e'
