# Managed by azldev component update. Do not edit manually.
version = 1
import-commit = 'e1403da667b2a75353929c451b30b1c565542b68'
upstream-commit = 'e1403da667b2a75353929c451b30b1c565542b68'
manual-bump = 1
input-fingerprint = 'sha256:80c0ff9fe474059e961487166ef32757f3933b4682359b1740b9076d9c6f3cbc'
resolution-input-hash = 'sha256:466421704711c4fd3c71f0b2ed715a0e61d49e3e26f3a2637fee755795849c8e'
