# Managed by azldev component update. Do not edit manually.
version = 1
import-commit = '12133f3ea573d6ad42494223136523406b33a3e1'
upstream-commit = '12133f3ea573d6ad42494223136523406b33a3e1'
input-fingerprint = 'sha256:9095c10a53ab9eaa7953223d120baa1fa71fd958ab297bf780543b5885e720ca'
resolution-input-hash = 'sha256:466421704711c4fd3c71f0b2ed715a0e61d49e3e26f3a2637fee755795849c8e'
