# Managed by azldev component update. Do not edit manually.
version = 1
import-commit = 'e21bf94506a73bbb31d30f91efacd2e34024e149'
upstream-commit = 'e21bf94506a73bbb31d30f91efacd2e34024e149'
manual-bump = 2
input-fingerprint = 'sha256:07c952e68127e08849168ebbcde076717764025d4458fe3619062e6bec67dde6'
resolution-input-hash = 'sha256:2f28ab3acf76be3f204b5af6296868e6365fcd5554d51c959e59c14de0a10e87'
