# Managed by azldev component update. Do not edit manually.
version = 1
import-commit = '9ec5b347927fa786aa3ba7246bb61e3ce4bbb646'
upstream-commit = '9ec5b347927fa786aa3ba7246bb61e3ce4bbb646'
manual-bump = 2
input-fingerprint = 'sha256:18e750e969f7815e75aeb9fe70abde289e3421aa1c6d1815c6a76637645b74e9'
resolution-input-hash = 'sha256:2f28ab3acf76be3f204b5af6296868e6365fcd5554d51c959e59c14de0a10e87'
