# Managed by azldev component update. Do not edit manually.
version = 1
import-commit = 'c2388a0c456745d0d620c3bfa5453026abf1e63a'
upstream-commit = 'c2388a0c456745d0d620c3bfa5453026abf1e63a'
manual-bump = 1
input-fingerprint = 'sha256:524d3dfce61fd75aae78e818bf9f404e3f9bd20142f17620776a9873b99e549e'
resolution-input-hash = 'sha256:466421704711c4fd3c71f0b2ed715a0e61d49e3e26f3a2637fee755795849c8e'
