# Managed by azldev component update. Do not edit manually.
version = 1
import-commit = '06a89d1e0456f7b06c1206d46a4f858e45c13c36'
upstream-commit = '06a89d1e0456f7b06c1206d46a4f858e45c13c36'
manual-bump = 1
input-fingerprint = 'sha256:89d287f3112f54a44ebbb2a6be7d92f5b86b8b66c1d2ffff36a88658b088529a'
resolution-input-hash = 'sha256:466421704711c4fd3c71f0b2ed715a0e61d49e3e26f3a2637fee755795849c8e'
