# Managed by azldev component update. Do not edit manually.
version = 1
import-commit = 'c54fdc2b38366b3f11f800b3d60bcf44247b249e'
upstream-commit = 'c54fdc2b38366b3f11f800b3d60bcf44247b249e'
input-fingerprint = 'sha256:116f68f1262d67993e1707dc84ada654b9ba0480bcb7dca6053295d31f5e7372'
resolution-input-hash = 'sha256:466421704711c4fd3c71f0b2ed715a0e61d49e3e26f3a2637fee755795849c8e'
