# Managed by azldev component update. Do not edit manually.
version = 1
import-commit = '5a2c21f8247da09dbbfa7815e95941e32143c8a6'
upstream-commit = '5a2c21f8247da09dbbfa7815e95941e32143c8a6'
manual-bump = 2
input-fingerprint = 'sha256:d8232baac8f855fae642affd1b07b50b3ca043f6dc57d143584a5e51be7adcf8'
resolution-input-hash = 'sha256:2f28ab3acf76be3f204b5af6296868e6365fcd5554d51c959e59c14de0a10e87'
