# Managed by azldev component update. Do not edit manually.
version = 1
import-commit = 'b435a6a075cdc705d25c60e17366c570e0880c08'
upstream-commit = 'b435a6a075cdc705d25c60e17366c570e0880c08'
manual-bump = 2
input-fingerprint = 'sha256:d007a9c17f211476c7c7aa35985d5a03d5692876e808e68badf96739566685db'
resolution-input-hash = 'sha256:034307eb0031f5353d70b3e67786f76788c549eef9149ee3f83502c49a2e1a86'
