# Managed by azldev component update. Do not edit manually.
version = 1
import-commit = '569dd15842ebb6372730d7868f2d79a5578a1768'
upstream-commit = '87d6a86cf50d5cfcccb88729ce5425d0a2573ecf'
manual-bump = 2
input-fingerprint = 'sha256:4c8e38cd9d6bc2f16bcaeb4ec99eddc54f9976e57d44aaeb51cf05be9d4331e1'
resolution-input-hash = 'sha256:66d62fe619567932490e7a0efe734c3e5a22629c406a9c32f79cd23e7a001011'
