# Managed by azldev component update. Do not edit manually.
version = 1
import-commit = '6d2edf947a1c34b4311dac42d00f7a9d1e6266d1'
upstream-commit = '430c06c4596be8fa6f36faa7f00d1bd206353900'
manual-bump = 2
input-fingerprint = 'sha256:e6caad9d1b5fe6bf24df8eaaf43c9f43fe48d4fbc0f4f28d8adfc28aa4008170'
resolution-input-hash = 'sha256:ee2b4b2a7474232699f7ef1461160019159849dcc0daf2dcff1aabf35416ecec'
