# Managed by azldev component update. Do not edit manually.
version = 1
import-commit = '9eae85944c7421b5957e67b8a71cdb4d1b3cd72f'
upstream-commit = '9eae85944c7421b5957e67b8a71cdb4d1b3cd72f'
input-fingerprint = 'sha256:40a47d9f4f90341bd2d9cd43dd955b410cacc1b82c8ec67b3d37aeff5411af57'
resolution-input-hash = 'sha256:466421704711c4fd3c71f0b2ed715a0e61d49e3e26f3a2637fee755795849c8e'
