# Managed by azldev component update. Do not edit manually.
version = 1
import-commit = 'e965f527f377c723b72cbeb8118aa6e053350eee'
upstream-commit = 'e965f527f377c723b72cbeb8118aa6e053350eee'
manual-bump = 2
input-fingerprint = 'sha256:7f6a8567372ccce07b4349077084546868440aa4b61ab3be105834f21fb706fd'
resolution-input-hash = 'sha256:466421704711c4fd3c71f0b2ed715a0e61d49e3e26f3a2637fee755795849c8e'
