# Managed by azldev component update. Do not edit manually.
version = 1
import-commit = '66f8b12d34d78f5df7fe0664d6d3962cfd939462'
upstream-commit = '66f8b12d34d78f5df7fe0664d6d3962cfd939462'
input-fingerprint = 'sha256:0aaf6f728a861aac1d76192ebda39256727a22a35cb557e76c58dbdbca4147bb'
resolution-input-hash = 'sha256:466421704711c4fd3c71f0b2ed715a0e61d49e3e26f3a2637fee755795849c8e'
