# Managed by azldev component update. Do not edit manually.
version = 1
import-commit = 'e621dd12211ade86ac87f07b5d3d3d4a2d03573a'
upstream-commit = 'e621dd12211ade86ac87f07b5d3d3d4a2d03573a'
manual-bump = 1
input-fingerprint = 'sha256:4d8d6091e03776391ec20726d277ccc740035a269249cb4fe76b0396a8d64698'
resolution-input-hash = 'sha256:466421704711c4fd3c71f0b2ed715a0e61d49e3e26f3a2637fee755795849c8e'
