# Managed by azldev component update. Do not edit manually.
version = 1
import-commit = 'ffff4c0e84c6eef8730af0928cf1a747353480f4'
upstream-commit = 'ffff4c0e84c6eef8730af0928cf1a747353480f4'
manual-bump = 1
input-fingerprint = 'sha256:2bc2fbdd225c554c81f92545e4b2fc74f95952c5c377f8c58e45a72bda028e0d'
resolution-input-hash = 'sha256:466421704711c4fd3c71f0b2ed715a0e61d49e3e26f3a2637fee755795849c8e'
