# Managed by azldev component update. Do not edit manually.
version = 1
import-commit = '3f9c06825ccb15c309a297c3298a89f29995445d'
upstream-commit = 'f7f3709f4f8a97af957d26da8bc5dac8a79c6ece'
manual-bump = 2
input-fingerprint = 'sha256:02e4892e03de214dad5c6e89a5731d15d5cbab01d5ca7f366c65820482a8dca8'
resolution-input-hash = 'sha256:66d62fe619567932490e7a0efe734c3e5a22629c406a9c32f79cd23e7a001011'
