# Managed by azldev component update. Do not edit manually.
version = 1
import-commit = '3f9c06825ccb15c309a297c3298a89f29995445d'
upstream-commit = '3f9c06825ccb15c309a297c3298a89f29995445d'
manual-bump = 2
input-fingerprint = 'sha256:0e1bd5518b7ca1cc3dfc15c167e689373cdc2618fed95dbce998a60ed3f0b02f'
resolution-input-hash = 'sha256:466421704711c4fd3c71f0b2ed715a0e61d49e3e26f3a2637fee755795849c8e'
