# Managed by azldev component update. Do not edit manually.
version = 1
import-commit = 'fc0a076bec59bb9233d396611d4352467435d528'
upstream-commit = 'c0e99c3128582532d29f683243f8b21f6a19cb62'
manual-bump = 2
input-fingerprint = 'sha256:bf166e11e533d4383a23bc3fa6d0ff8e8e22fe1d32e740be63737f2dcd0b5b41'
resolution-input-hash = 'sha256:66d62fe619567932490e7a0efe734c3e5a22629c406a9c32f79cd23e7a001011'
