# Managed by azldev component update. Do not edit manually.
version = 1
import-commit = '805fa2759c01c20d0030ad00c2da72bcf33f9e3e'
upstream-commit = '805fa2759c01c20d0030ad00c2da72bcf33f9e3e'
manual-bump = 2
input-fingerprint = 'sha256:b1d30e8671f8d0781391f4d21200ad5b5c44fc5d6b25576e3ab6e76db531b348'
resolution-input-hash = 'sha256:466421704711c4fd3c71f0b2ed715a0e61d49e3e26f3a2637fee755795849c8e'
