# Managed by azldev component update. Do not edit manually.
version = 1
import-commit = 'fd00cfedb0cb2310dc9e0038f6fb39c89446568f'
upstream-commit = '6c09b2aa8f1afc8026f9f1e81c2b4db906dc16f6'
manual-bump = 2
input-fingerprint = 'sha256:ed53e4f37c3612b2822c0b05d9b4af9aec4d4158dd6852ff4010f094e95d0b1c'
resolution-input-hash = 'sha256:66d62fe619567932490e7a0efe734c3e5a22629c406a9c32f79cd23e7a001011'
