# Managed by azldev component update. Do not edit manually.
version = 1
import-commit = '7b08c421ed4dbca88af0cbaabb73332d08944c86'
upstream-commit = '7b08c421ed4dbca88af0cbaabb73332d08944c86'
input-fingerprint = 'sha256:05a1e8878687941506b8821926b12120a5cf3be562cc265c36761cf1c0c2a766'
resolution-input-hash = 'sha256:ec097e55f923beef1d17355744c9384b1ff58444b00f32a22f754086cd7b208a'
