# Managed by azldev component update. Do not edit manually.
version = 1
import-commit = 'a3f57674b89c625186153faa0eb7c67448361b52'
upstream-commit = 'a3f57674b89c625186153faa0eb7c67448361b52'
input-fingerprint = 'sha256:477cd8c471c48d994d7d85679fc48d1115415b8cdd05ef7eaab558cb0c50455c'
resolution-input-hash = 'sha256:466421704711c4fd3c71f0b2ed715a0e61d49e3e26f3a2637fee755795849c8e'
