# Managed by azldev component update. Do not edit manually.
version = 1
import-commit = '246f20758c7bfa7553a129b5822e9b009652b2dd'
upstream-commit = '246f20758c7bfa7553a129b5822e9b009652b2dd'
input-fingerprint = 'sha256:7d3c8279bd404c86cfbdf96d26742e38c47bf94bda8066ad23e8febdfd328f98'
resolution-input-hash = 'sha256:466421704711c4fd3c71f0b2ed715a0e61d49e3e26f3a2637fee755795849c8e'
