# Managed by azldev component update. Do not edit manually.
version = 1
import-commit = 'cb5de4423be7e9233579b00b9d302df443c5bc05'
upstream-commit = 'cb5de4423be7e9233579b00b9d302df443c5bc05'
manual-bump = 2
input-fingerprint = 'sha256:6a684f50aa2562bfc3ece7e849e86baf01af0e18971843e482d9b782e96c2acf'
resolution-input-hash = 'sha256:2f28ab3acf76be3f204b5af6296868e6365fcd5554d51c959e59c14de0a10e87'
