# Managed by azldev component update. Do not edit manually.
version = 1
import-commit = 'd20191da57ad4e1bfb7162c56d2cf8451fb8ef4c'
upstream-commit = 'd20191da57ad4e1bfb7162c56d2cf8451fb8ef4c'
manual-bump = 1
input-fingerprint = 'sha256:611223d78193ddad8bf526aa05890b0eb7dcdd894b806a0826920adabe8242f8'
resolution-input-hash = 'sha256:466421704711c4fd3c71f0b2ed715a0e61d49e3e26f3a2637fee755795849c8e'
