# Managed by azldev component update. Do not edit manually.
version = 1
import-commit = '0ade21e24eef6ae7567b363d6dc539d916426692'
upstream-commit = '0ade21e24eef6ae7567b363d6dc539d916426692'
input-fingerprint = 'sha256:b909470bc3312960d59b0a9cba6190e43e6aa31fa81eebb5549b8dc0d04521c0'
resolution-input-hash = 'sha256:466421704711c4fd3c71f0b2ed715a0e61d49e3e26f3a2637fee755795849c8e'
