# Managed by azldev component update. Do not edit manually.
version = 1
import-commit = '5218dd0c26aa860bf163e326fa9733c03e8b381f'
upstream-commit = '6d7dadf9cb8d9b9da3da48d045aa1a81a79edb4e'
manual-bump = 2
input-fingerprint = 'sha256:cb5a763fff269d25232c23dab7a23e41c6e98ae4aab1d9ac9367f196668705cc'
resolution-input-hash = 'sha256:2f28ab3acf76be3f204b5af6296868e6365fcd5554d51c959e59c14de0a10e87'
