# Managed by azldev component update. Do not edit manually.
version = 1
import-commit = 'a5c5bd1293b3c1d39c7f9a1c39370d7d7bd1e374'
upstream-commit = 'a5c5bd1293b3c1d39c7f9a1c39370d7d7bd1e374'
input-fingerprint = 'sha256:7600bd5ad712d751f675be61f3798e4b1fcf8fcc675bf2c67cdb4fe641cddd0c'
resolution-input-hash = 'sha256:466421704711c4fd3c71f0b2ed715a0e61d49e3e26f3a2637fee755795849c8e'
