# Managed by azldev component update. Do not edit manually.
version = 1
import-commit = '92c9c838a261b5c50554793f27ba0aee3ca78076'
upstream-commit = '92c9c838a261b5c50554793f27ba0aee3ca78076'
manual-bump = 1
input-fingerprint = 'sha256:18edbbd8fbcf625ec73052b73a0431c8e5d94672ec75f84bfee809dec19a4c6d'
resolution-input-hash = 'sha256:2f28ab3acf76be3f204b5af6296868e6365fcd5554d51c959e59c14de0a10e87'
