# Managed by azldev component update. Do not edit manually.
version = 1
import-commit = '16438fc88c55261c1c4aaa503e68b072d92b4a6a'
upstream-commit = '16438fc88c55261c1c4aaa503e68b072d92b4a6a'
manual-bump = 2
input-fingerprint = 'sha256:2b59d953a2d2de5935bcea252e268b8f0710534233650edfd699cb13b1c4f32c'
resolution-input-hash = 'sha256:466421704711c4fd3c71f0b2ed715a0e61d49e3e26f3a2637fee755795849c8e'
