# Managed by azldev component update. Do not edit manually.
version = 1
import-commit = '70f5c16f07a903ade7643965ce98d0bb613e59f1'
upstream-commit = 'c9c057f9d0074bc2aec8644653668de8fe8b0641'
manual-bump = 2
input-fingerprint = 'sha256:e56c9ae1673bfcf3f7ede327d5957c2353483475b1cde496ed08ddce07b53e4f'
resolution-input-hash = 'sha256:66d62fe619567932490e7a0efe734c3e5a22629c406a9c32f79cd23e7a001011'
