# Managed by azldev component update. Do not edit manually.
version = 1
import-commit = 'c1d9265ce4fe218f98bc76be92997cfb5cc4c5ac'
upstream-commit = 'c1d9265ce4fe218f98bc76be92997cfb5cc4c5ac'
manual-bump = 1
input-fingerprint = 'sha256:e3c720867ef97905f55439211b24b60efd09c42f34ded6be144ca9ca8c0b3367'
resolution-input-hash = 'sha256:2f28ab3acf76be3f204b5af6296868e6365fcd5554d51c959e59c14de0a10e87'
