# Managed by azldev component update. Do not edit manually.
version = 1
import-commit = 'e2f51024b269439f12626635bfb8d5a76b60165d'
upstream-commit = 'e2f51024b269439f12626635bfb8d5a76b60165d'
input-fingerprint = 'sha256:48d26e92a1b88ddbc47b7b83b01cb393fb87d020ba1839446e506c74d247a3d5'
resolution-input-hash = 'sha256:466421704711c4fd3c71f0b2ed715a0e61d49e3e26f3a2637fee755795849c8e'
