# Managed by azldev component update. Do not edit manually.
version = 1
import-commit = '07a319ec70ae186e6a394027bdea5d1024ba1995'
upstream-commit = '6d8d63e56682b4ee1d171caeed921d267f5bc5e8'
manual-bump = 2
input-fingerprint = 'sha256:1549e0907ae6d6b47facdc89c5300e0ac9c64e99d6cf4d386f29f6d25c732df9'
resolution-input-hash = 'sha256:66d62fe619567932490e7a0efe734c3e5a22629c406a9c32f79cd23e7a001011'
