# Managed by azldev component update. Do not edit manually.
version = 1
import-commit = '7e8211fba2ca93c03038bb4bce19373a7752db6c'
upstream-commit = '7e8211fba2ca93c03038bb4bce19373a7752db6c'
manual-bump = 1
input-fingerprint = 'sha256:4d08bd591053a71e699b7eb599e4d6516320d244e969ec0a1a58309a6524e9e9'
resolution-input-hash = 'sha256:466421704711c4fd3c71f0b2ed715a0e61d49e3e26f3a2637fee755795849c8e'
