# Managed by azldev component update. Do not edit manually.
version = 1
import-commit = '7e8211fba2ca93c03038bb4bce19373a7752db6c'
upstream-commit = '55d1a12d12d09a54436956ca42bd7661ffbe88e5'
manual-bump = 2
input-fingerprint = 'sha256:3875282f67b3dee8b56fd932eacaa5eb211aac8981254e007ae51dea004f9bb4'
resolution-input-hash = 'sha256:66d62fe619567932490e7a0efe734c3e5a22629c406a9c32f79cd23e7a001011'
