# Managed by azldev component update. Do not edit manually.
version = 1
import-commit = '4c167e6430fbcb5c584614cec8815aac5ed26b16'
upstream-commit = '4c167e6430fbcb5c584614cec8815aac5ed26b16'
input-fingerprint = 'sha256:9b7080c366f709a2aceb1c8d81c9f819988e40bd741ae329b49d8b42a2cb020e'
resolution-input-hash = 'sha256:466421704711c4fd3c71f0b2ed715a0e61d49e3e26f3a2637fee755795849c8e'
