# Managed by azldev component update. Do not edit manually.
version = 1
import-commit = '5f2e9bab4df2b716ced337caa06268b34368e32e'
upstream-commit = '5f2e9bab4df2b716ced337caa06268b34368e32e'
manual-bump = 1
input-fingerprint = 'sha256:201d88c4adf16d8eabb78ca911a0bb11f79a158f2ecf1f1f3f50e603d3520bff'
resolution-input-hash = 'sha256:2f28ab3acf76be3f204b5af6296868e6365fcd5554d51c959e59c14de0a10e87'
