# Managed by azldev component update. Do not edit manually.
version = 1
import-commit = 'de9463f6179749e1fa52105e782a0bd1ea7d87c4'
upstream-commit = 'de9463f6179749e1fa52105e782a0bd1ea7d87c4'
manual-bump = 1
input-fingerprint = 'sha256:6a386ab907b5bd600613de4bf0074833a964e28edbd4f56f14bcfaa95e9b74a4'
resolution-input-hash = 'sha256:2f28ab3acf76be3f204b5af6296868e6365fcd5554d51c959e59c14de0a10e87'
