# Managed by azldev component update. Do not edit manually.
version = 1
import-commit = 'ade83c614d5c57b967aca94605176d1f16efaf08'
upstream-commit = 'ade83c614d5c57b967aca94605176d1f16efaf08'
manual-bump = 2
input-fingerprint = 'sha256:caab67e62d5ed8f778cb6f2a93007f1a8ad388d6017d98f2b1448a0f66746f12'
resolution-input-hash = 'sha256:466421704711c4fd3c71f0b2ed715a0e61d49e3e26f3a2637fee755795849c8e'
